// !$*UTF8*$!
{
	archiveVersion = 1;
	classes = {
	};
	objectVersion = 46;
	objects = {

/* Begin PBXBuildFile section */
		27C4523A19E4F8A9004DCE8A /* FDWeakMutableArray.h in Headers */ = {isa = PBXBuildFile; fileRef = 27B551DD17A7180F0061F95A /* FDWeakMutableArray.h */; settings = {ATTRIBUTES = (Public, ); }; };
		27C4523B19E4F8AC004DCE8A /* FDWeakMutableArray.m in Sources */ = {isa = PBXBuildFile; fileRef = 27B551DE17A7180F0061F95A /* FDWeakMutableArray.m */; };
		27C4523C19E4F8AE004DCE8A /* FDPushBackAnimator.h in Headers */ = {isa = PBXBuildFile; fileRef = 2746CB84194D0F52000E73C6 /* FDPushBackAnimator.h */; settings = {ATTRIBUTES = (Public, ); }; };
		27C4523D19E4F8B1004DCE8A /* FDPushBackAnimator.m in Sources */ = {isa = PBXBuildFile; fileRef = 2746CB85194D0F52000E73C6 /* FDPushBackAnimator.m */; };
		27C4523E19E4F8B7004DCE8A /* FDViewController.h in Headers */ = {isa = PBXBuildFile; fileRef = 2794FBF81789F2C60015146A /* FDViewController.h */; settings = {ATTRIBUTES = (Public, ); }; };
		27C4523F19E4F8BB004DCE8A /* FDViewController.m in Sources */ = {isa = PBXBuildFile; fileRef = 2794FBF91789F2C60015146A /* FDViewController.m */; };
		27C4524019E4F8BF004DCE8A /* FDScrollingTabBarController.h in Headers */ = {isa = PBXBuildFile; fileRef = 270957D5193BA3D900D2DC49 /* FDScrollingTabBarController.h */; settings = {ATTRIBUTES = (Public, ); }; };
		27C4524119E4F8C3004DCE8A /* FDScrollingTabBarController.m in Sources */ = {isa = PBXBuildFile; fileRef = 270957D6193BA3D900D2DC49 /* FDScrollingTabBarController.m */; };
		27C4524419E4F8CA004DCE8A /* FDScrollingTabBar.h in Headers */ = {isa = PBXBuildFile; fileRef = 2742828D1949E95E001CF13C /* FDScrollingTabBar.h */; settings = {ATTRIBUTES = (Public, ); }; };
		27C4524519E4F8CA004DCE8A /* FDScrollingTabBar.m in Sources */ = {isa = PBXBuildFile; fileRef = 2742828E1949E95E001CF13C /* FDScrollingTabBar.m */; };
		27C4524619E4F8CA004DCE8A /* FDScrollingTabBarDelegate.h in Headers */ = {isa = PBXBuildFile; fileRef = 27795CF7194B9ED20090DBBD /* FDScrollingTabBarDelegate.h */; settings = {ATTRIBUTES = (Public, ); }; };
		27C4524819E4F8CA004DCE8A /* FDScrollingTabBarCell.m in Sources */ = {isa = PBXBuildFile; fileRef = 27FDE4111941444B00BC777F /* FDScrollingTabBarCell.m */; };
		27C4524B19E4F8CE004DCE8A /* NSBundle+Universal.h in Headers */ = {isa = PBXBuildFile; fileRef = 2794FBDE1789DC3D0015146A /* NSBundle+Universal.h */; settings = {ATTRIBUTES = (Public, ); }; };
		27C4524C19E4F8CE004DCE8A /* NSBundle+Universal.m in Sources */ = {isa = PBXBuildFile; fileRef = 2794FBDF1789DC3D0015146A /* NSBundle+Universal.m */; };
		27C4524D19E4F8CE004DCE8A /* NSDate+RelativeStrings.h in Headers */ = {isa = PBXBuildFile; fileRef = 27DDD27A1915BA2F00254BC8 /* NSDate+RelativeStrings.h */; settings = {ATTRIBUTES = (Public, ); }; };
		27C4524E19E4F8CE004DCE8A /* NSDate+RelativeStrings.m in Sources */ = {isa = PBXBuildFile; fileRef = 27DDD27B1915BA2F00254BC8 /* NSDate+RelativeStrings.m */; };
		27C4524F19E4F8CE004DCE8A /* UIColor+Creation.h in Headers */ = {isa = PBXBuildFile; fileRef = 278EDF9118F4DAE100A553B8 /* UIColor+Creation.h */; settings = {ATTRIBUTES = (Public, ); }; };
		27C4525019E4F8CE004DCE8A /* UIColor+Creation.m in Sources */ = {isa = PBXBuildFile; fileRef = 278EDF9218F4DAE100A553B8 /* UIColor+Creation.m */; };
		27C4525119E4F8CE004DCE8A /* UIDevice+Family.h in Headers */ = {isa = PBXBuildFile; fileRef = 2794FBEE1789E2F60015146A /* UIDevice+Family.h */; settings = {ATTRIBUTES = (Public, ); }; };
		27C4525219E4F8CE004DCE8A /* UIDevice+Family.m in Sources */ = {isa = PBXBuildFile; fileRef = 2794FBEF1789E2F60015146A /* UIDevice+Family.m */; };
		27C4525319E4F8CE004DCE8A /* UITableViewCell+Universal.h in Headers */ = {isa = PBXBuildFile; fileRef = 2794FBF11789E9C70015146A /* UITableViewCell+Universal.h */; settings = {ATTRIBUTES = (Public, ); }; };
		27C4525419E4F8CE004DCE8A /* UITableViewCell+Universal.m in Sources */ = {isa = PBXBuildFile; fileRef = 2794FBF21789E9C70015146A /* UITableViewCell+Universal.m */; };
		27C4525519E4F8CE004DCE8A /* UIView+Layout.h in Headers */ = {isa = PBXBuildFile; fileRef = 2706A88A1949291B00AC8552 /* UIView+Layout.h */; settings = {ATTRIBUTES = (Public, ); }; };
		27C4525619E4F8CE004DCE8A /* UIView+Layout.m in Sources */ = {isa = PBXBuildFile; fileRef = 2706A88B1949291B00AC8552 /* UIView+Layout.m */; };
		27C4525719E4F8CE004DCE8A /* UIViewController+ScrollViewInsets.h in Headers */ = {isa = PBXBuildFile; fileRef = 2706A8851949222000AC8552 /* UIViewController+ScrollViewInsets.h */; settings = {ATTRIBUTES = (Public, ); }; };
		27C4525819E4F8CE004DCE8A /* UIViewController+ScrollViewInsets.m in Sources */ = {isa = PBXBuildFile; fileRef = 2706A8861949222000AC8552 /* UIViewController+ScrollViewInsets.m */; };
		27C4525E19E4FA16004DCE8A /* Silicon.h in Headers */ = {isa = PBXBuildFile; fileRef = 272FBB33178662E3002EAF62 /* Silicon.h */; settings = {ATTRIBUTES = (Public, ); }; };
		27D90F6219E4FD4D000E68AD /* FDCircleView.m in Sources */ = {isa = PBXBuildFile; fileRef = 27ECC1EB195118B400732DCF /* FDCircleView.m */; };
		27D90F6419E4FD4D000E68AD /* FDLongPressMenu.h in Headers */ = {isa = PBXBuildFile; fileRef = 27ECC1ED195118B400732DCF /* FDLongPressMenu.h */; settings = {ATTRIBUTES = (Public, ); }; };
		27D90F6519E4FD4D000E68AD /* FDLongPressMenu.m in Sources */ = {isa = PBXBuildFile; fileRef = 27ECC1EE195118B400732DCF /* FDLongPressMenu.m */; };
		27D90F6619E4FD4D000E68AD /* FDLongPressMenuDelegate.h in Headers */ = {isa = PBXBuildFile; fileRef = 27ECC1EF195118B400732DCF /* FDLongPressMenuDelegate.h */; settings = {ATTRIBUTES = (Public, ); }; };
		27D90F6819E4FD4D000E68AD /* FDLongPressMenuItem.h in Headers */ = {isa = PBXBuildFile; fileRef = 27ECC1F1195118B400732DCF /* FDLongPressMenuItem.h */; settings = {ATTRIBUTES = (Public, ); }; };
		27D90F6919E4FD4D000E68AD /* FDLongPressMenuItem.m in Sources */ = {isa = PBXBuildFile; fileRef = 27ECC1F2195118B400732DCF /* FDLongPressMenuItem.m */; };
		27D90F6A19E4FD4D000E68AD /* FDRadialLongPressMenu.h in Headers */ = {isa = PBXBuildFile; fileRef = 27ECC1F3195118B400732DCF /* FDRadialLongPressMenu.h */; settings = {ATTRIBUTES = (Public, ); }; };
		27D90F6B19E4FD4D000E68AD /* FDRadialLongPressMenu.m in Sources */ = {isa = PBXBuildFile; fileRef = 27ECC1F4195118B400732DCF /* FDRadialLongPressMenu.m */; };
		27D90F6C19E4FD4D000E68AD /* UIView+LongPressMenu.h in Headers */ = {isa = PBXBuildFile; fileRef = 27ECC1F7195118B400732DCF /* UIView+LongPressMenu.h */; settings = {ATTRIBUTES = (Public, ); }; };
		27D90F6D19E4FD4D000E68AD /* UIView+LongPressMenu.m in Sources */ = {isa = PBXBuildFile; fileRef = 27ECC1F8195118B400732DCF /* UIView+LongPressMenu.m */; };
		27EE96881BA4E3BA00670640 /* SiliconTests.m in Sources */ = {isa = PBXBuildFile; fileRef = 27EE96851BA4E3BA00670640 /* SiliconTests.m */; settings = {ASSET_TAGS = (); }; };
/* End PBXBuildFile section */

/* Begin PBXContainerItemProxy section */
		27A0425719D13CAE00B723DB /* PBXContainerItemProxy */ = {
			isa = PBXContainerItemProxy;
			containerPortal = 27A0425119D13CAE00B723DB /* FDKeychain.xcodeproj */;
			proxyType = 2;
			remoteGlobalIDString = 27FCB40C19C212D700BB1123;
			remoteInfo = "FDKeychain iOS";
		};
		27A0425919D13CAE00B723DB /* PBXContainerItemProxy */ = {
			isa = PBXContainerItemProxy;
			containerPortal = 27A0425119D13CAE00B723DB /* FDKeychain.xcodeproj */;
			proxyType = 2;
			remoteGlobalIDString = 2739252619B662790045EA4B;
			remoteInfo = "FDKeychain OS X";
		};
		27A0426519D13CBA00B723DB /* PBXContainerItemProxy */ = {
			isa = PBXContainerItemProxy;
			containerPortal = 27A0425D19D13CBA00B723DB /* FDDataClient.xcodeproj */;
			proxyType = 2;
			remoteGlobalIDString = 27D0964B19C255F50052B91D;
			remoteInfo = "FDDataClient iOS";
		};
		27A0426719D13CBA00B723DB /* PBXContainerItemProxy */ = {
			isa = PBXContainerItemProxy;
			containerPortal = 27A0425D19D13CBA00B723DB /* FDDataClient.xcodeproj */;
			proxyType = 2;
			remoteGlobalIDString = 2771CCA119B7A97B008A198A;
			remoteInfo = "FDDataClient Mac";
		};
		27B73D831BA4CF3F00E74DB6 /* PBXContainerItemProxy */ = {
			isa = PBXContainerItemProxy;
			containerPortal = 27A0425D19D13CBA00B723DB /* FDDataClient.xcodeproj */;
			proxyType = 2;
			remoteGlobalIDString = 2737F4041BA3EC6F00A4BF30;
			remoteInfo = "FDDataClient watchOS";
		};
		27B73D851BA4CF3F00E74DB6 /* PBXContainerItemProxy */ = {
			isa = PBXContainerItemProxy;
			containerPortal = 27A0425D19D13CBA00B723DB /* FDDataClient.xcodeproj */;
			proxyType = 2;
			remoteGlobalIDString = 2737F4171BA3ED4100A4BF30;
			remoteInfo = "FDDataClient iOS Tests";
		};
		27B73D871BA4CF3F00E74DB6 /* PBXContainerItemProxy */ = {
			isa = PBXContainerItemProxy;
			containerPortal = 27A0425D19D13CBA00B723DB /* FDDataClient.xcodeproj */;
			proxyType = 2;
			remoteGlobalIDString = 2737F4261BA3ED4800A4BF30;
			remoteInfo = "FDDataClient OS X Tests";
		};
		27B73D8D1BA4CF3F00E74DB6 /* PBXContainerItemProxy */ = {
			isa = PBXContainerItemProxy;
			containerPortal = 27A0425119D13CAE00B723DB /* FDKeychain.xcodeproj */;
			proxyType = 2;
			remoteGlobalIDString = 2737F44C1BA4C17E00A4BF30;
			remoteInfo = "FDKeychain watchOS";
		};
		27B73D8F1BA4CF3F00E74DB6 /* PBXContainerItemProxy */ = {
			isa = PBXContainerItemProxy;
			containerPortal = 27A0425119D13CAE00B723DB /* FDKeychain.xcodeproj */;
			proxyType = 2;
			remoteGlobalIDString = 2737F4541BA4C21F00A4BF30;
			remoteInfo = "FDKeychain iOS Tests";
		};
		27B73D911BA4CF3F00E74DB6 /* PBXContainerItemProxy */ = {
			isa = PBXContainerItemProxy;
			containerPortal = 27A0425119D13CAE00B723DB /* FDKeychain.xcodeproj */;
			proxyType = 2;
			remoteGlobalIDString = 2737F4631BA4C22600A4BF30;
			remoteInfo = "FDKeychain OS X Tests";
		};
		27C4522719E4F85B004DCE8A /* PBXContainerItemProxy */ = {
			isa = PBXContainerItemProxy;
			containerPortal = 27C4522119E4F85B004DCE8A /* FDImageLoader.xcodeproj */;
			proxyType = 2;
			remoteGlobalIDString = 27016AE619E4DFE400743236;
			remoteInfo = "FDImageLoader iOS";
		};
		27C4522E19E4F86D004DCE8A /* PBXContainerItemProxy */ = {
			isa = PBXContainerItemProxy;
			containerPortal = 27C4522919E4F86D004DCE8A /* FDSQLiteDatabase.xcodeproj */;
			proxyType = 2;
			remoteGlobalIDString = 275999DC19E4EB93009B6C56;
			remoteInfo = "FDSQLiteDatabase iOS";
		};
		27C4523219E4F885004DCE8A /* PBXContainerItemProxy */ = {
			isa = PBXContainerItemProxy;
			containerPortal = 27A0425119D13CAE00B723DB /* FDKeychain.xcodeproj */;
			proxyType = 1;
			remoteGlobalIDString = 27FCB40B19C212D700BB1123;
			remoteInfo = "FDKeychain iOS";
		};
		27C4523419E4F885004DCE8A /* PBXContainerItemProxy */ = {
			isa = PBXContainerItemProxy;
			containerPortal = 27A0425D19D13CBA00B723DB /* FDDataClient.xcodeproj */;
			proxyType = 1;
			remoteGlobalIDString = 27D0964A19C255F50052B91D;
			remoteInfo = "FDDataClient iOS";
		};
		27C4523619E4F885004DCE8A /* PBXContainerItemProxy */ = {
			isa = PBXContainerItemProxy;
			containerPortal = 27C4522119E4F85B004DCE8A /* FDImageLoader.xcodeproj */;
			proxyType = 1;
			remoteGlobalIDString = 27016AE519E4DFE400743236;
			remoteInfo = "FDImageLoader iOS";
		};
		27C4523819E4F885004DCE8A /* PBXContainerItemProxy */ = {
			isa = PBXContainerItemProxy;
			containerPortal = 27C4522919E4F86D004DCE8A /* FDSQLiteDatabase.xcodeproj */;
			proxyType = 1;
			remoteGlobalIDString = 275999DB19E4EB93009B6C56;
			remoteInfo = "FDSQLiteDatabase iOS";
		};
		27EE96691BA4E24D00670640 /* PBXContainerItemProxy */ = {
			isa = PBXContainerItemProxy;
			containerPortal = 27C4522119E4F85B004DCE8A /* FDImageLoader.xcodeproj */;
			proxyType = 2;
			remoteGlobalIDString = 2726074E1BA4D76300511D02;
			remoteInfo = "FDImageLoader iOS Tests";
		};
		27EE96701BA4E24D00670640 /* PBXContainerItemProxy */ = {
			isa = PBXContainerItemProxy;
			containerPortal = 27C4522919E4F86D004DCE8A /* FDSQLiteDatabase.xcodeproj */;
			proxyType = 2;
			remoteGlobalIDString = 27EE96471BA4DF1C00670640;
			remoteInfo = "FDSQLiteDatabase iOS Tests";
		};
		27EE967F1BA4E36C00670640 /* PBXContainerItemProxy */ = {
			isa = PBXContainerItemProxy;
			containerPortal = 272FBB161786611E002EAF62 /* Project object */;
			proxyType = 1;
			remoteGlobalIDString = 2775317D19E4F77300AFAB61;
			remoteInfo = "Silicon iOS";
		};
/* End PBXContainerItemProxy section */

/* Begin PBXFileReference section */
		2706A8851949222000AC8552 /* UIViewController+ScrollViewInsets.h */ = {isa = PBXFileReference; fileEncoding = 4; lastKnownFileType = sourcecode.c.h; path = "UIViewController+ScrollViewInsets.h"; sourceTree = "<group>"; };
		2706A8861949222000AC8552 /* UIViewController+ScrollViewInsets.m */ = {isa = PBXFileReference; fileEncoding = 4; lastKnownFileType = sourcecode.c.objc; path = "UIViewController+ScrollViewInsets.m"; sourceTree = "<group>"; };
		2706A88A1949291B00AC8552 /* UIView+Layout.h */ = {isa = PBXFileReference; fileEncoding = 4; lastKnownFileType = sourcecode.c.h; path = "UIView+Layout.h"; sourceTree = "<group>"; };
		2706A88B1949291B00AC8552 /* UIView+Layout.m */ = {isa = PBXFileReference; fileEncoding = 4; lastKnownFileType = sourcecode.c.objc; path = "UIView+Layout.m"; sourceTree = "<group>"; };
		270957D5193BA3D900D2DC49 /* FDScrollingTabBarController.h */ = {isa = PBXFileReference; fileEncoding = 4; lastKnownFileType = sourcecode.c.h; path = FDScrollingTabBarController.h; sourceTree = "<group>"; };
		270957D6193BA3D900D2DC49 /* FDScrollingTabBarController.m */ = {isa = PBXFileReference; fileEncoding = 4; lastKnownFileType = sourcecode.c.objc; path = FDScrollingTabBarController.m; sourceTree = "<group>"; };
		272FBB33178662E3002EAF62 /* Silicon.h */ = {isa = PBXFileReference; lastKnownFileType = sourcecode.c.h; path = Silicon.h; sourceTree = "<group>"; };
		2742828D1949E95E001CF13C /* FDScrollingTabBar.h */ = {isa = PBXFileReference; fileEncoding = 4; lastKnownFileType = sourcecode.c.h; path = FDScrollingTabBar.h; sourceTree = "<group>"; };
		2742828E1949E95E001CF13C /* FDScrollingTabBar.m */ = {isa = PBXFileReference; fileEncoding = 4; lastKnownFileType = sourcecode.c.objc; path = FDScrollingTabBar.m; sourceTree = "<group>"; };
		2746CB84194D0F52000E73C6 /* FDPushBackAnimator.h */ = {isa = PBXFileReference; fileEncoding = 4; lastKnownFileType = sourcecode.c.h; path = FDPushBackAnimator.h; sourceTree = "<group>"; };
		2746CB85194D0F52000E73C6 /* FDPushBackAnimator.m */ = {isa = PBXFileReference; fileEncoding = 4; lastKnownFileType = sourcecode.c.objc; path = FDPushBackAnimator.m; sourceTree = "<group>"; };
		2775317E19E4F77300AFAB61 /* Silicon.framework */ = {isa = PBXFileReference; explicitFileType = wrapper.framework; includeInIndex = 0; path = Silicon.framework; sourceTree = BUILT_PRODUCTS_DIR; };
		27795CF7194B9ED20090DBBD /* FDScrollingTabBarDelegate.h */ = {isa = PBXFileReference; lastKnownFileType = sourcecode.c.h; path = FDScrollingTabBarDelegate.h; sourceTree = "<group>"; };
		278EDF9118F4DAE100A553B8 /* UIColor+Creation.h */ = {isa = PBXFileReference; fileEncoding = 4; lastKnownFileType = sourcecode.c.h; path = "UIColor+Creation.h"; sourceTree = "<group>"; };
		278EDF9218F4DAE100A553B8 /* UIColor+Creation.m */ = {isa = PBXFileReference; fileEncoding = 4; lastKnownFileType = sourcecode.c.objc; path = "UIColor+Creation.m"; sourceTree = "<group>"; };
		2794FBDE1789DC3D0015146A /* NSBundle+Universal.h */ = {isa = PBXFileReference; fileEncoding = 4; lastKnownFileType = sourcecode.c.h; path = "NSBundle+Universal.h"; sourceTree = "<group>"; };
		2794FBDF1789DC3D0015146A /* NSBundle+Universal.m */ = {isa = PBXFileReference; fileEncoding = 4; lastKnownFileType = sourcecode.c.objc; path = "NSBundle+Universal.m"; sourceTree = "<group>"; };
		2794FBEE1789E2F60015146A /* UIDevice+Family.h */ = {isa = PBXFileReference; fileEncoding = 4; lastKnownFileType = sourcecode.c.h; path = "UIDevice+Family.h"; sourceTree = "<group>"; };
		2794FBEF1789E2F60015146A /* UIDevice+Family.m */ = {isa = PBXFileReference; fileEncoding = 4; lastKnownFileType = sourcecode.c.objc; path = "UIDevice+Family.m"; sourceTree = "<group>"; };
		2794FBF11789E9C70015146A /* UITableViewCell+Universal.h */ = {isa = PBXFileReference; fileEncoding = 4; lastKnownFileType = sourcecode.c.h; path = "UITableViewCell+Universal.h"; sourceTree = "<group>"; };
		2794FBF21789E9C70015146A /* UITableViewCell+Universal.m */ = {isa = PBXFileReference; fileEncoding = 4; lastKnownFileType = sourcecode.c.objc; path = "UITableViewCell+Universal.m"; sourceTree = "<group>"; };
		2794FBF81789F2C60015146A /* FDViewController.h */ = {isa = PBXFileReference; fileEncoding = 4; lastKnownFileType = sourcecode.c.h; path = FDViewController.h; sourceTree = "<group>"; };
		2794FBF91789F2C60015146A /* FDViewController.m */ = {isa = PBXFileReference; fileEncoding = 4; lastKnownFileType = sourcecode.c.objc; path = FDViewController.m; sourceTree = "<group>"; };
		27A0425119D13CAE00B723DB /* FDKeychain.xcodeproj */ = {isa = PBXFileReference; lastKnownFileType = "wrapper.pb-project"; name = FDKeychain.xcodeproj; path = "FDKeychain/Framework Project/FDKeychain.xcodeproj"; sourceTree = "<group>"; };
		27A0425D19D13CBA00B723DB /* FDDataClient.xcodeproj */ = {isa = PBXFileReference; lastKnownFileType = "wrapper.pb-project"; name = FDDataClient.xcodeproj; path = "FDDataClient/Framework Project/FDDataClient.xcodeproj"; sourceTree = "<group>"; };
		27B551DD17A7180F0061F95A /* FDWeakMutableArray.h */ = {isa = PBXFileReference; fileEncoding = 4; lastKnownFileType = sourcecode.c.h; path = FDWeakMutableArray.h; sourceTree = "<group>"; };
		27B551DE17A7180F0061F95A /* FDWeakMutableArray.m */ = {isa = PBXFileReference; fileEncoding = 4; lastKnownFileType = sourcecode.c.objc; path = FDWeakMutableArray.m; sourceTree = "<group>"; };
		27C4522119E4F85B004DCE8A /* FDImageLoader.xcodeproj */ = {isa = PBXFileReference; lastKnownFileType = "wrapper.pb-project"; name = FDImageLoader.xcodeproj; path = "FDImageLoader/Framework Project/FDImageLoader.xcodeproj"; sourceTree = "<group>"; };
		27C4522919E4F86D004DCE8A /* FDSQLiteDatabase.xcodeproj */ = {isa = PBXFileReference; lastKnownFileType = "wrapper.pb-project"; name = FDSQLiteDatabase.xcodeproj; path = "FDSQLiteDatabase/Framework Project/FDSQLiteDatabase.xcodeproj"; sourceTree = "<group>"; };
		27C4525A19E4F98D004DCE8A /* Info.plist */ = {isa = PBXFileReference; fileEncoding = 4; lastKnownFileType = text.plist.xml; path = Info.plist; sourceTree = "<group>"; };
		27DDD27A1915BA2F00254BC8 /* NSDate+RelativeStrings.h */ = {isa = PBXFileReference; fileEncoding = 4; lastKnownFileType = sourcecode.c.h; path = "NSDate+RelativeStrings.h"; sourceTree = "<group>"; };
		27DDD27B1915BA2F00254BC8 /* NSDate+RelativeStrings.m */ = {isa = PBXFileReference; fileEncoding = 4; lastKnownFileType = sourcecode.c.objc; path = "NSDate+RelativeStrings.m"; sourceTree = "<group>"; };
		27ECC1EA195118B400732DCF /* FDCircleView.h */ = {isa = PBXFileReference; lastKnownFileType = sourcecode.c.h; path = FDCircleView.h; sourceTree = "<group>"; };
		27ECC1EB195118B400732DCF /* FDCircleView.m */ = {isa = PBXFileReference; lastKnownFileType = sourcecode.c.objc; path = FDCircleView.m; sourceTree = "<group>"; };
		27ECC1EC195118B400732DCF /* FDDegreesToRadians.h */ = {isa = PBXFileReference; lastKnownFileType = sourcecode.c.h; path = FDDegreesToRadians.h; sourceTree = "<group>"; };
		27ECC1ED195118B400732DCF /* FDLongPressMenu.h */ = {isa = PBXFileReference; lastKnownFileType = sourcecode.c.h; path = FDLongPressMenu.h; sourceTree = "<group>"; };
		27ECC1EE195118B400732DCF /* FDLongPressMenu.m */ = {isa = PBXFileReference; lastKnownFileType = sourcecode.c.objc; path = FDLongPressMenu.m; sourceTree = "<group>"; };
		27ECC1EF195118B400732DCF /* FDLongPressMenuDelegate.h */ = {isa = PBXFileReference; lastKnownFileType = sourcecode.c.h; path = FDLongPressMenuDelegate.h; sourceTree = "<group>"; };
		27ECC1F0195118B400732DCF /* FDLongPressMenuItem+Private.h */ = {isa = PBXFileReference; lastKnownFileType = sourcecode.c.h; path = "FDLongPressMenuItem+Private.h"; sourceTree = "<group>"; };
		27ECC1F1195118B400732DCF /* FDLongPressMenuItem.h */ = {isa = PBXFileReference; lastKnownFileType = sourcecode.c.h; path = FDLongPressMenuItem.h; sourceTree = "<group>"; };
		27ECC1F2195118B400732DCF /* FDLongPressMenuItem.m */ = {isa = PBXFileReference; lastKnownFileType = sourcecode.c.objc; path = FDLongPressMenuItem.m; sourceTree = "<group>"; };
		27ECC1F3195118B400732DCF /* FDRadialLongPressMenu.h */ = {isa = PBXFileReference; lastKnownFileType = sourcecode.c.h; path = FDRadialLongPressMenu.h; sourceTree = "<group>"; };
		27ECC1F4195118B400732DCF /* FDRadialLongPressMenu.m */ = {isa = PBXFileReference; lastKnownFileType = sourcecode.c.objc; path = FDRadialLongPressMenu.m; sourceTree = "<group>"; };
		27ECC1F7195118B400732DCF /* UIView+LongPressMenu.h */ = {isa = PBXFileReference; lastKnownFileType = sourcecode.c.h; path = "UIView+LongPressMenu.h"; sourceTree = "<group>"; };
		27ECC1F8195118B400732DCF /* UIView+LongPressMenu.m */ = {isa = PBXFileReference; lastKnownFileType = sourcecode.c.objc; path = "UIView+LongPressMenu.m"; sourceTree = "<group>"; };
		27EE96791BA4E36C00670640 /* Silicon iOS Tests.xctest */ = {isa = PBXFileReference; explicitFileType = wrapper.cfbundle; includeInIndex = 0; path = "Silicon iOS Tests.xctest"; sourceTree = BUILT_PRODUCTS_DIR; };
		27EE96851BA4E3BA00670640 /* SiliconTests.m */ = {isa = PBXFileReference; fileEncoding = 4; lastKnownFileType = sourcecode.c.objc; path = SiliconTests.m; sourceTree = "<group>"; };
		27EE96871BA4E3BA00670640 /* Info.plist */ = {isa = PBXFileReference; fileEncoding = 4; lastKnownFileType = text.plist.xml; path = Info.plist; sourceTree = "<group>"; };
		27FDE4101941444B00BC777F /* FDScrollingTabBarCell.h */ = {isa = PBXFileReference; fileEncoding = 4; lastKnownFileType = sourcecode.c.h; path = FDScrollingTabBarCell.h; sourceTree = "<group>"; };
		27FDE4111941444B00BC777F /* FDScrollingTabBarCell.m */ = {isa = PBXFileReference; fileEncoding = 4; lastKnownFileType = sourcecode.c.objc; path = FDScrollingTabBarCell.m; sourceTree = "<group>"; };
/* End PBXFileReference section */

/* Begin PBXFrameworksBuildPhase section */
		2775317A19E4F77300AFAB61 /* Frameworks */ = {
			isa = PBXFrameworksBuildPhase;
			buildActionMask = 2147483647;
			files = (
			);
			runOnlyForDeploymentPostprocessing = 0;
		};
		27EE96761BA4E36C00670640 /* Frameworks */ = {
			isa = PBXFrameworksBuildPhase;
			buildActionMask = 2147483647;
			files = (
			);
			runOnlyForDeploymentPostprocessing = 0;
		};
/* End PBXFrameworksBuildPhase section */

/* Begin PBXGroup section */
		272FBB151786611E002EAF62 = {
			isa = PBXGroup;
			children = (
				272FBB231786611E002EAF62 /* Silicon Framework */,
				27EE967A1BA4E36C00670640 /* Silicon Tests */,
				2785435618C4D420000B3EA6 /* Vendors */,
				272FBB1F1786611E002EAF62 /* Products */,
			);
			sourceTree = "<group>";
		};
		272FBB1F1786611E002EAF62 /* Products */ = {
			isa = PBXGroup;
			children = (
				2775317E19E4F77300AFAB61 /* Silicon.framework */,
				27EE96791BA4E36C00670640 /* Silicon iOS Tests.xctest */,
			);
			name = Products;
			sourceTree = "<group>";
		};
		272FBB231786611E002EAF62 /* Silicon Framework */ = {
			isa = PBXGroup;
			children = (
				272FBB33178662E3002EAF62 /* Silicon.h */,
				272FBB31178661E0002EAF62 /* Silicon */,
				27C4525919E4F98D004DCE8A /* iOS Supporting Files */,
			);
			path = "Silicon Framework";
			sourceTree = "<group>";
		};
		272FBB31178661E0002EAF62 /* Silicon */ = {
			isa = PBXGroup;
			children = (
				27B551D517A7165D0061F95A /* Common */,
				272FBB63178701B0002EAF62 /* Controllers */,
				27EAC5F118D92E020085C7B6 /* Controls */,
				272FBB6417870306002EAF62 /* Categories */,
			);
			name = Silicon;
			sourceTree = "<group>";
		};
		272FBB63178701B0002EAF62 /* Controllers */ = {
			isa = PBXGroup;
			children = (
				2794FBF81789F2C60015146A /* FDViewController.h */,
				2794FBF91789F2C60015146A /* FDViewController.m */,
				270957D5193BA3D900D2DC49 /* FDScrollingTabBarController.h */,
				270957D6193BA3D900D2DC49 /* FDScrollingTabBarController.m */,
			);
			name = Controllers;
			path = ../../Silicon/Controllers;
			sourceTree = "<group>";
		};
		272FBB6417870306002EAF62 /* Categories */ = {
			isa = PBXGroup;
			children = (
				2794FBDE1789DC3D0015146A /* NSBundle+Universal.h */,
				2794FBDF1789DC3D0015146A /* NSBundle+Universal.m */,
				27DDD27A1915BA2F00254BC8 /* NSDate+RelativeStrings.h */,
				27DDD27B1915BA2F00254BC8 /* NSDate+RelativeStrings.m */,
				278EDF9118F4DAE100A553B8 /* UIColor+Creation.h */,
				278EDF9218F4DAE100A553B8 /* UIColor+Creation.m */,
				2794FBEE1789E2F60015146A /* UIDevice+Family.h */,
				2794FBEF1789E2F60015146A /* UIDevice+Family.m */,
				2794FBF11789E9C70015146A /* UITableViewCell+Universal.h */,
				2794FBF21789E9C70015146A /* UITableViewCell+Universal.m */,
				2706A88A1949291B00AC8552 /* UIView+Layout.h */,
				2706A88B1949291B00AC8552 /* UIView+Layout.m */,
				2706A8851949222000AC8552 /* UIViewController+ScrollViewInsets.h */,
				2706A8861949222000AC8552 /* UIViewController+ScrollViewInsets.m */,
			);
			name = Categories;
			path = ../../Silicon/Categories;
			sourceTree = "<group>";
		};
		2785435618C4D420000B3EA6 /* Vendors */ = {
			isa = PBXGroup;
			children = (
				27A0425119D13CAE00B723DB /* FDKeychain.xcodeproj */,
				27A0425D19D13CBA00B723DB /* FDDataClient.xcodeproj */,
				27C4522119E4F85B004DCE8A /* FDImageLoader.xcodeproj */,
				27C4522919E4F86D004DCE8A /* FDSQLiteDatabase.xcodeproj */,
				27ECC1E9195118B400732DCF /* FDLongPressMenu */,
			);
			name = Vendors;
			path = ../Vendors;
			sourceTree = "<group>";
		};
		27A0425219D13CAE00B723DB /* Products */ = {
			isa = PBXGroup;
			children = (
				27A0425819D13CAE00B723DB /* FDKeychain.framework */,
				27B73D8E1BA4CF3F00E74DB6 /* FDKeychain.framework */,
				27A0425A19D13CAE00B723DB /* FDKeychain.framework */,
				27B73D901BA4CF3F00E74DB6 /* FDKeychain iOS Tests.xctest */,
				27B73D921BA4CF3F00E74DB6 /* FDKeychain OS X Tests.xctest */,
			);
			name = Products;
			sourceTree = "<group>";
		};
		27A0425E19D13CBA00B723DB /* Products */ = {
			isa = PBXGroup;
			children = (
				27A0426619D13CBA00B723DB /* FDDataClient.framework */,
				27B73D841BA4CF3F00E74DB6 /* FDDataClient.framework */,
				27A0426819D13CBA00B723DB /* FDDataClient.framework */,
				27B73D861BA4CF3F00E74DB6 /* FDDataClient iOS Tests.xctest */,
				27B73D881BA4CF3F00E74DB6 /* FDDataClient OS X Tests.xctest */,
			);
			name = Products;
			sourceTree = "<group>";
		};
		27B551D517A7165D0061F95A /* Common */ = {
			isa = PBXGroup;
			children = (
				27B551DD17A7180F0061F95A /* FDWeakMutableArray.h */,
				27B551DE17A7180F0061F95A /* FDWeakMutableArray.m */,
				2746CB84194D0F52000E73C6 /* FDPushBackAnimator.h */,
				2746CB85194D0F52000E73C6 /* FDPushBackAnimator.m */,
			);
			name = Common;
			path = ../../Silicon/Common;
			sourceTree = "<group>";
		};
		27C4522219E4F85B004DCE8A /* Products */ = {
			isa = PBXGroup;
			children = (
				27C4522819E4F85B004DCE8A /* FDImageLoader.framework */,
				27EE966A1BA4E24D00670640 /* FDImageLoader iOS Tests.xctest */,
			);
			name = Products;
			sourceTree = "<group>";
		};
		27C4522A19E4F86D004DCE8A /* Products */ = {
			isa = PBXGroup;
			children = (
				27C4522F19E4F86D004DCE8A /* FDSQLiteDatabase.framework */,
				27EE96711BA4E24D00670640 /* FDSQLiteDatabase iOS Tests.xctest */,
			);
			name = Products;
			sourceTree = "<group>";
		};
		27C4525919E4F98D004DCE8A /* iOS Supporting Files */ = {
			isa = PBXGroup;
			children = (
				27C4525A19E4F98D004DCE8A /* Info.plist */,
			);
			path = "iOS Supporting Files";
			sourceTree = SOURCE_ROOT;
		};
		27EAC5F118D92E020085C7B6 /* Controls */ = {
			isa = PBXGroup;
			children = (
				2742828D1949E95E001CF13C /* FDScrollingTabBar.h */,
				2742828E1949E95E001CF13C /* FDScrollingTabBar.m */,
				27795CF7194B9ED20090DBBD /* FDScrollingTabBarDelegate.h */,
				27FDE4101941444B00BC777F /* FDScrollingTabBarCell.h */,
				27FDE4111941444B00BC777F /* FDScrollingTabBarCell.m */,
			);
			name = Controls;
			path = ../../Silicon/Controls;
			sourceTree = "<group>";
		};
		27ECC1E9195118B400732DCF /* FDLongPressMenu */ = {
			isa = PBXGroup;
			children = (
				27ECC1EA195118B400732DCF /* FDCircleView.h */,
				27ECC1EB195118B400732DCF /* FDCircleView.m */,
				27ECC1EC195118B400732DCF /* FDDegreesToRadians.h */,
				27ECC1ED195118B400732DCF /* FDLongPressMenu.h */,
				27ECC1EE195118B400732DCF /* FDLongPressMenu.m */,
				27ECC1EF195118B400732DCF /* FDLongPressMenuDelegate.h */,
				27ECC1F0195118B400732DCF /* FDLongPressMenuItem+Private.h */,
				27ECC1F1195118B400732DCF /* FDLongPressMenuItem.h */,
				27ECC1F2195118B400732DCF /* FDLongPressMenuItem.m */,
				27ECC1F3195118B400732DCF /* FDRadialLongPressMenu.h */,
				27ECC1F4195118B400732DCF /* FDRadialLongPressMenu.m */,
				27ECC1F7195118B400732DCF /* UIView+LongPressMenu.h */,
				27ECC1F8195118B400732DCF /* UIView+LongPressMenu.m */,
			);
			name = FDLongPressMenu;
			path = FDLongPressMenu/FDLongPressMenu;
			sourceTree = "<group>";
		};
		27EE967A1BA4E36C00670640 /* Silicon Tests */ = {
			isa = PBXGroup;
			children = (
				27EE96841BA4E3BA00670640 /* Classes */,
				27EE96861BA4E3BA00670640 /* Supporting Files */,
			);
			path = "Silicon Tests";
			sourceTree = "<group>";
		};
		27EE96841BA4E3BA00670640 /* Classes */ = {
			isa = PBXGroup;
			children = (
				27EE96851BA4E3BA00670640 /* SiliconTests.m */,
			);
			path = Classes;
			sourceTree = "<group>";
		};
		27EE96861BA4E3BA00670640 /* Supporting Files */ = {
			isa = PBXGroup;
			children = (
				27EE96871BA4E3BA00670640 /* Info.plist */,
			);
			path = "Supporting Files";
			sourceTree = "<group>";
		};
/* End PBXGroup section */

/* Begin PBXHeadersBuildPhase section */
		2775317B19E4F77300AFAB61 /* Headers */ = {
			isa = PBXHeadersBuildPhase;
			buildActionMask = 2147483647;
			files = (
				27C4525E19E4FA16004DCE8A /* Silicon.h in Headers */,
				27C4524019E4F8BF004DCE8A /* FDScrollingTabBarController.h in Headers */,
				27C4525319E4F8CE004DCE8A /* UITableViewCell+Universal.h in Headers */,
				27C4524419E4F8CA004DCE8A /* FDScrollingTabBar.h in Headers */,
				27C4524F19E4F8CE004DCE8A /* UIColor+Creation.h in Headers */,
				27D90F6A19E4FD4D000E68AD /* FDRadialLongPressMenu.h in Headers */,
				27D90F6619E4FD4D000E68AD /* FDLongPressMenuDelegate.h in Headers */,
				27C4525519E4F8CE004DCE8A /* UIView+Layout.h in Headers */,
				27D90F6819E4FD4D000E68AD /* FDLongPressMenuItem.h in Headers */,
				27C4525719E4F8CE004DCE8A /* UIViewController+ScrollViewInsets.h in Headers */,
				27C4525119E4F8CE004DCE8A /* UIDevice+Family.h in Headers */,
				27C4524B19E4F8CE004DCE8A /* NSBundle+Universal.h in Headers */,
				27D90F6C19E4FD4D000E68AD /* UIView+LongPressMenu.h in Headers */,
				27C4524D19E4F8CE004DCE8A /* NSDate+RelativeStrings.h in Headers */,
				27C4524619E4F8CA004DCE8A /* FDScrollingTabBarDelegate.h in Headers */,
				27D90F6419E4FD4D000E68AD /* FDLongPressMenu.h in Headers */,
				27C4523E19E4F8B7004DCE8A /* FDViewController.h in Headers */,
				27C4523C19E4F8AE004DCE8A /* FDPushBackAnimator.h in Headers */,
				27C4523A19E4F8A9004DCE8A /* FDWeakMutableArray.h in Headers */,
			);
			runOnlyForDeploymentPostprocessing = 0;
		};
/* End PBXHeadersBuildPhase section */

/* Begin PBXNativeTarget section */
		2775317D19E4F77300AFAB61 /* Silicon iOS */ = {
			isa = PBXNativeTarget;
			buildConfigurationList = 2775319619E4F77400AFAB61 /* Build configuration list for PBXNativeTarget "Silicon iOS" */;
			buildPhases = (
				2775317919E4F77300AFAB61 /* Sources */,
				2775317A19E4F77300AFAB61 /* Frameworks */,
				2775317B19E4F77300AFAB61 /* Headers */,
				2775317C19E4F77300AFAB61 /* Resources */,
			);
			buildRules = (
			);
			dependencies = (
				27C4523319E4F885004DCE8A /* PBXTargetDependency */,
				27C4523519E4F885004DCE8A /* PBXTargetDependency */,
				27C4523719E4F885004DCE8A /* PBXTargetDependency */,
				27C4523919E4F885004DCE8A /* PBXTargetDependency */,
			);
			name = "Silicon iOS";
			productName = "Silicon iOS";
			productReference = 2775317E19E4F77300AFAB61 /* Silicon.framework */;
			productType = "com.apple.product-type.framework";
		};
		27EE96781BA4E36C00670640 /* Silicon iOS Tests */ = {
			isa = PBXNativeTarget;
			buildConfigurationList = 27EE96811BA4E36C00670640 /* Build configuration list for PBXNativeTarget "Silicon iOS Tests" */;
			buildPhases = (
				27EE96751BA4E36C00670640 /* Sources */,
				27EE96761BA4E36C00670640 /* Frameworks */,
				27EE96771BA4E36C00670640 /* Resources */,
			);
			buildRules = (
			);
			dependencies = (
				27EE96801BA4E36C00670640 /* PBXTargetDependency */,
			);
			name = "Silicon iOS Tests";
			productName = "Silicon iOS Tests";
			productReference = 27EE96791BA4E36C00670640 /* Silicon iOS Tests.xctest */;
			productType = "com.apple.product-type.bundle.unit-test";
		};
/* End PBXNativeTarget section */

/* Begin PBXProject section */
		272FBB161786611E002EAF62 /* Project object */ = {
			isa = PBXProject;
			attributes = {
				LastUpgradeCheck = 0700;
				ORGANIZATIONNAME = "1414 Degrees";
				TargetAttributes = {
					2775317D19E4F77300AFAB61 = {
						CreatedOnToolsVersion = 6.0.1;
					};
					27EE96781BA4E36C00670640 = {
						CreatedOnToolsVersion = 7.0;
					};
				};
			};
			buildConfigurationList = 272FBB191786611E002EAF62 /* Build configuration list for PBXProject "Silicon" */;
			compatibilityVersion = "Xcode 3.2";
			developmentRegion = English;
			hasScannedForEncodings = 0;
			knownRegions = (
				en,
			);
			mainGroup = 272FBB151786611E002EAF62;
			productRefGroup = 272FBB1F1786611E002EAF62 /* Products */;
			projectDirPath = "";
			projectReferences = (
				{
					ProductGroup = 27A0425E19D13CBA00B723DB /* Products */;
					ProjectRef = 27A0425D19D13CBA00B723DB /* FDDataClient.xcodeproj */;
				},
				{
					ProductGroup = 27C4522219E4F85B004DCE8A /* Products */;
					ProjectRef = 27C4522119E4F85B004DCE8A /* FDImageLoader.xcodeproj */;
				},
				{
					ProductGroup = 27A0425219D13CAE00B723DB /* Products */;
					ProjectRef = 27A0425119D13CAE00B723DB /* FDKeychain.xcodeproj */;
				},
				{
					ProductGroup = 27C4522A19E4F86D004DCE8A /* Products */;
					ProjectRef = 27C4522919E4F86D004DCE8A /* FDSQLiteDatabase.xcodeproj */;
				},
			);
			projectRoot = "";
			targets = (
				2775317D19E4F77300AFAB61 /* Silicon iOS */,
				27EE96781BA4E36C00670640 /* Silicon iOS Tests */,
			);
		};
/* End PBXProject section */

/* Begin PBXReferenceProxy section */
		27A0425819D13CAE00B723DB /* FDKeychain.framework */ = {
			isa = PBXReferenceProxy;
			fileType = wrapper.framework;
			path = FDKeychain.framework;
			remoteRef = 27A0425719D13CAE00B723DB /* PBXContainerItemProxy */;
			sourceTree = BUILT_PRODUCTS_DIR;
		};
		27A0425A19D13CAE00B723DB /* FDKeychain.framework */ = {
			isa = PBXReferenceProxy;
			fileType = wrapper.framework;
			path = FDKeychain.framework;
			remoteRef = 27A0425919D13CAE00B723DB /* PBXContainerItemProxy */;
			sourceTree = BUILT_PRODUCTS_DIR;
		};
		27A0426619D13CBA00B723DB /* FDDataClient.framework */ = {
			isa = PBXReferenceProxy;
			fileType = wrapper.framework;
			path = FDDataClient.framework;
			remoteRef = 27A0426519D13CBA00B723DB /* PBXContainerItemProxy */;
			sourceTree = BUILT_PRODUCTS_DIR;
		};
		27A0426819D13CBA00B723DB /* FDDataClient.framework */ = {
			isa = PBXReferenceProxy;
			fileType = wrapper.framework;
			path = FDDataClient.framework;
			remoteRef = 27A0426719D13CBA00B723DB /* PBXContainerItemProxy */;
			sourceTree = BUILT_PRODUCTS_DIR;
		};
		27B73D841BA4CF3F00E74DB6 /* FDDataClient.framework */ = {
			isa = PBXReferenceProxy;
			fileType = wrapper.framework;
			path = FDDataClient.framework;
			remoteRef = 27B73D831BA4CF3F00E74DB6 /* PBXContainerItemProxy */;
			sourceTree = BUILT_PRODUCTS_DIR;
		};
		27B73D861BA4CF3F00E74DB6 /* FDDataClient iOS Tests.xctest */ = {
			isa = PBXReferenceProxy;
			fileType = wrapper.cfbundle;
			path = "FDDataClient iOS Tests.xctest";
			remoteRef = 27B73D851BA4CF3F00E74DB6 /* PBXContainerItemProxy */;
			sourceTree = BUILT_PRODUCTS_DIR;
		};
		27B73D881BA4CF3F00E74DB6 /* FDDataClient OS X Tests.xctest */ = {
			isa = PBXReferenceProxy;
			fileType = wrapper.cfbundle;
			path = "FDDataClient OS X Tests.xctest";
			remoteRef = 27B73D871BA4CF3F00E74DB6 /* PBXContainerItemProxy */;
			sourceTree = BUILT_PRODUCTS_DIR;
		};
		27B73D8E1BA4CF3F00E74DB6 /* FDKeychain.framework */ = {
			isa = PBXReferenceProxy;
			fileType = wrapper.framework;
			path = FDKeychain.framework;
			remoteRef = 27B73D8D1BA4CF3F00E74DB6 /* PBXContainerItemProxy */;
			sourceTree = BUILT_PRODUCTS_DIR;
		};
		27B73D901BA4CF3F00E74DB6 /* FDKeychain iOS Tests.xctest */ = {
			isa = PBXReferenceProxy;
			fileType = wrapper.cfbundle;
			path = "FDKeychain iOS Tests.xctest";
			remoteRef = 27B73D8F1BA4CF3F00E74DB6 /* PBXContainerItemProxy */;
			sourceTree = BUILT_PRODUCTS_DIR;
		};
		27B73D921BA4CF3F00E74DB6 /* FDKeychain OS X Tests.xctest */ = {
			isa = PBXReferenceProxy;
			fileType = wrapper.cfbundle;
			path = "FDKeychain OS X Tests.xctest";
			remoteRef = 27B73D911BA4CF3F00E74DB6 /* PBXContainerItemProxy */;
			sourceTree = BUILT_PRODUCTS_DIR;
		};
		27C4522819E4F85B004DCE8A /* FDImageLoader.framework */ = {
			isa = PBXReferenceProxy;
			fileType = wrapper.framework;
			path = FDImageLoader.framework;
			remoteRef = 27C4522719E4F85B004DCE8A /* PBXContainerItemProxy */;
			sourceTree = BUILT_PRODUCTS_DIR;
		};
		27C4522F19E4F86D004DCE8A /* FDSQLiteDatabase.framework */ = {
			isa = PBXReferenceProxy;
			fileType = wrapper.framework;
			path = FDSQLiteDatabase.framework;
			remoteRef = 27C4522E19E4F86D004DCE8A /* PBXContainerItemProxy */;
			sourceTree = BUILT_PRODUCTS_DIR;
		};
		27EE966A1BA4E24D00670640 /* FDImageLoader iOS Tests.xctest */ = {
			isa = PBXReferenceProxy;
			fileType = wrapper.cfbundle;
			path = "FDImageLoader iOS Tests.xctest";
			remoteRef = 27EE96691BA4E24D00670640 /* PBXContainerItemProxy */;
			sourceTree = BUILT_PRODUCTS_DIR;
		};
		27EE96711BA4E24D00670640 /* FDSQLiteDatabase iOS Tests.xctest */ = {
			isa = PBXReferenceProxy;
			fileType = wrapper.cfbundle;
			path = "FDSQLiteDatabase iOS Tests.xctest";
			remoteRef = 27EE96701BA4E24D00670640 /* PBXContainerItemProxy */;
			sourceTree = BUILT_PRODUCTS_DIR;
		};
/* End PBXReferenceProxy section */

/* Begin PBXResourcesBuildPhase section */
		2775317C19E4F77300AFAB61 /* Resources */ = {
			isa = PBXResourcesBuildPhase;
			buildActionMask = 2147483647;
			files = (
			);
			runOnlyForDeploymentPostprocessing = 0;
		};
		27EE96771BA4E36C00670640 /* Resources */ = {
			isa = PBXResourcesBuildPhase;
			buildActionMask = 2147483647;
			files = (
			);
			runOnlyForDeploymentPostprocessing = 0;
		};
/* End PBXResourcesBuildPhase section */

/* Begin PBXSourcesBuildPhase section */
		2775317919E4F77300AFAB61 /* Sources */ = {
			isa = PBXSourcesBuildPhase;
			buildActionMask = 2147483647;
			files = (
				27D90F6B19E4FD4D000E68AD /* FDRadialLongPressMenu.m in Sources */,
				27D90F6219E4FD4D000E68AD /* FDCircleView.m in Sources */,
				27D90F6919E4FD4D000E68AD /* FDLongPressMenuItem.m in Sources */,
				27C4523B19E4F8AC004DCE8A /* FDWeakMutableArray.m in Sources */,
				27C4524E19E4F8CE004DCE8A /* NSDate+RelativeStrings.m in Sources */,
				27C4524519E4F8CA004DCE8A /* FDScrollingTabBar.m in Sources */,
				27C4525419E4F8CE004DCE8A /* UITableViewCell+Universal.m in Sources */,
				27C4525619E4F8CE004DCE8A /* UIView+Layout.m in Sources */,
				27C4523D19E4F8B1004DCE8A /* FDPushBackAnimator.m in Sources */,
				27C4523F19E4F8BB004DCE8A /* FDViewController.m in Sources */,
				27D90F6D19E4FD4D000E68AD /* UIView+LongPressMenu.m in Sources */,
				27C4524119E4F8C3004DCE8A /* FDScrollingTabBarController.m in Sources */,
				27C4525019E4F8CE004DCE8A /* UIColor+Creation.m in Sources */,
				27C4525819E4F8CE004DCE8A /* UIViewController+ScrollViewInsets.m in Sources */,
				27C4524819E4F8CA004DCE8A /* FDScrollingTabBarCell.m in Sources */,
				27D90F6519E4FD4D000E68AD /* FDLongPressMenu.m in Sources */,
				27C4524C19E4F8CE004DCE8A /* NSBundle+Universal.m in Sources */,
				27C4525219E4F8CE004DCE8A /* UIDevice+Family.m in Sources */,
			);
			runOnlyForDeploymentPostprocessing = 0;
		};
		27EE96751BA4E36C00670640 /* Sources */ = {
			isa = PBXSourcesBuildPhase;
			buildActionMask = 2147483647;
			files = (
				27EE96881BA4E3BA00670640 /* SiliconTests.m in Sources */,
			);
			runOnlyForDeploymentPostprocessing = 0;
		};
/* End PBXSourcesBuildPhase section */

/* Begin PBXTargetDependency section */
		27C4523319E4F885004DCE8A /* PBXTargetDependency */ = {
			isa = PBXTargetDependency;
			name = "FDKeychain iOS";
			targetProxy = 27C4523219E4F885004DCE8A /* PBXContainerItemProxy */;
		};
		27C4523519E4F885004DCE8A /* PBXTargetDependency */ = {
			isa = PBXTargetDependency;
			name = "FDDataClient iOS";
			targetProxy = 27C4523419E4F885004DCE8A /* PBXContainerItemProxy */;
		};
		27C4523719E4F885004DCE8A /* PBXTargetDependency */ = {
			isa = PBXTargetDependency;
			name = "FDImageLoader iOS";
			targetProxy = 27C4523619E4F885004DCE8A /* PBXContainerItemProxy */;
		};
		27C4523919E4F885004DCE8A /* PBXTargetDependency */ = {
			isa = PBXTargetDependency;
			name = "FDSQLiteDatabase iOS";
			targetProxy = 27C4523819E4F885004DCE8A /* PBXContainerItemProxy */;
		};
		27EE96801BA4E36C00670640 /* PBXTargetDependency */ = {
			isa = PBXTargetDependency;
			target = 2775317D19E4F77300AFAB61 /* Silicon iOS */;
			targetProxy = 27EE967F1BA4E36C00670640 /* PBXContainerItemProxy */;
		};
/* End PBXTargetDependency section */

/* Begin XCBuildConfiguration section */
		272FBB2A1786611E002EAF62 /* Debug */ = {
			isa = XCBuildConfiguration;
			buildSettings = {
				ALWAYS_SEARCH_USER_PATHS = NO;
				CLANG_ENABLE_MODULES = YES;
				CLANG_ENABLE_OBJC_ARC = YES;
				CLANG_WARN_BOOL_CONVERSION = YES;
				CLANG_WARN_CONSTANT_CONVERSION = YES;
				CLANG_WARN_DIRECT_OBJC_ISA_USAGE = YES_ERROR;
				CLANG_WARN_EMPTY_BODY = YES;
				CLANG_WARN_ENUM_CONVERSION = YES;
				CLANG_WARN_INT_CONVERSION = YES;
				CLANG_WARN_OBJC_ROOT_CLASS = YES_ERROR;
				CLANG_WARN_UNREACHABLE_CODE = YES;
				CLANG_WARN__DUPLICATE_METHOD_MATCH = YES;
				COPY_PHASE_STRIP = NO;
				ENABLE_STRICT_OBJC_MSGSEND = YES;
				ENABLE_TESTABILITY = YES;
				GCC_DYNAMIC_NO_PIC = NO;
				GCC_OPTIMIZATION_LEVEL = 0;
				GCC_PREPROCESSOR_DEFINITIONS = DEBUG;
				GCC_SYMBOLS_PRIVATE_EXTERN = NO;
				GCC_WARN_64_TO_32_BIT_CONVERSION = YES;
				GCC_WARN_ABOUT_RETURN_TYPE = YES_ERROR;
				GCC_WARN_UNDECLARED_SELECTOR = YES;
				GCC_WARN_UNINITIALIZED_AUTOS = YES_AGGRESSIVE;
				GCC_WARN_UNUSED_FUNCTION = YES;
				GCC_WARN_UNUSED_VARIABLE = YES;
				ONLY_ACTIVE_ARCH = YES;
				PRODUCT_BUNDLE_IDENTIFIER = com.1414degrees.silicon;
				PRODUCT_NAME = Silicon;
			};
			name = Debug;
		};
		272FBB2B1786611E002EAF62 /* Release */ = {
			isa = XCBuildConfiguration;
			buildSettings = {
				ALWAYS_SEARCH_USER_PATHS = NO;
				CLANG_ENABLE_MODULES = YES;
				CLANG_ENABLE_OBJC_ARC = YES;
				CLANG_WARN_BOOL_CONVERSION = YES;
				CLANG_WARN_CONSTANT_CONVERSION = YES;
				CLANG_WARN_DIRECT_OBJC_ISA_USAGE = YES_ERROR;
				CLANG_WARN_EMPTY_BODY = YES;
				CLANG_WARN_ENUM_CONVERSION = YES;
				CLANG_WARN_INT_CONVERSION = YES;
				CLANG_WARN_OBJC_ROOT_CLASS = YES_ERROR;
				CLANG_WARN_UNREACHABLE_CODE = YES;
				CLANG_WARN__DUPLICATE_METHOD_MATCH = YES;
				COPY_PHASE_STRIP = YES;
				ENABLE_NS_ASSERTIONS = NO;
				ENABLE_STRICT_OBJC_MSGSEND = YES;
				GCC_WARN_64_TO_32_BIT_CONVERSION = YES;
				GCC_WARN_ABOUT_RETURN_TYPE = YES_ERROR;
				GCC_WARN_UNDECLARED_SELECTOR = YES;
				GCC_WARN_UNINITIALIZED_AUTOS = YES_AGGRESSIVE;
				GCC_WARN_UNUSED_FUNCTION = YES;
				GCC_WARN_UNUSED_VARIABLE = YES;
				PRODUCT_BUNDLE_IDENTIFIER = com.1414degrees.silicon;
				PRODUCT_NAME = Silicon;
				VALIDATE_PRODUCT = YES;
			};
			name = Release;
		};
		2775318E19E4F77400AFAB61 /* Debug */ = {
			isa = XCBuildConfiguration;
			buildSettings = {
				"CODE_SIGN_IDENTITY[sdk=iphoneos*]" = "iPhone Developer";
				CURRENT_PROJECT_VERSION = 1;
				DEFINES_MODULE = YES;
				DYLIB_COMPATIBILITY_VERSION = 1;
				DYLIB_CURRENT_VERSION = 1;
				DYLIB_INSTALL_NAME_BASE = "@rpath";
				INFOPLIST_FILE = "iOS Supporting Files/Info.plist";
				INSTALL_PATH = "$(LOCAL_LIBRARY_DIR)/Frameworks";
				IPHONEOS_DEPLOYMENT_TARGET = 9.0;
				LD_RUNPATH_SEARCH_PATHS = "$(inherited) @executable_path/Frameworks @loader_path/Frameworks";
				SDKROOT = iphoneos;
				SKIP_INSTALL = YES;
				TARGETED_DEVICE_FAMILY = "1,2";
				VERSIONING_SYSTEM = "apple-generic";
				VERSION_INFO_PREFIX = "";
			};
			name = Debug;
		};
		2775318F19E4F77400AFAB61 /* Release */ = {
			isa = XCBuildConfiguration;
			buildSettings = {
				"CODE_SIGN_IDENTITY[sdk=iphoneos*]" = "iPhone Distribution";
				CURRENT_PROJECT_VERSION = 1;
				DEFINES_MODULE = YES;
				DYLIB_COMPATIBILITY_VERSION = 1;
				DYLIB_CURRENT_VERSION = 1;
				DYLIB_INSTALL_NAME_BASE = "@rpath";
				INFOPLIST_FILE = "iOS Supporting Files/Info.plist";
				INSTALL_PATH = "$(LOCAL_LIBRARY_DIR)/Frameworks";
				IPHONEOS_DEPLOYMENT_TARGET = 9.0;
				LD_RUNPATH_SEARCH_PATHS = "$(inherited) @executable_path/Frameworks @loader_path/Frameworks";
				SDKROOT = iphoneos;
				SKIP_INSTALL = YES;
				TARGETED_DEVICE_FAMILY = "1,2";
				VERSIONING_SYSTEM = "apple-generic";
				VERSION_INFO_PREFIX = "";
			};
			name = Release;
		};
		27EE96821BA4E36C00670640 /* Debug */ = {
			isa = XCBuildConfiguration;
			buildSettings = {
				INFOPLIST_FILE = "Silicon Tests/Supporting Files/Info.plist";
				IPHONEOS_DEPLOYMENT_TARGET = 9.0;
				LD_RUNPATH_SEARCH_PATHS = "$(inherited) @executable_path/Frameworks @loader_path/Frameworks";
				PRODUCT_BUNDLE_IDENTIFIER = com.1414degrees.silicon.ios.tests;
				PRODUCT_NAME = "$(TARGET_NAME)";
				SDKROOT = iphoneos;
			};
			name = Debug;
		};
		27EE96831BA4E36C00670640 /* Release */ = {
			isa = XCBuildConfiguration;
			buildSettings = {
				INFOPLIST_FILE = "Silicon Tests/Supporting Files/Info.plist";
				IPHONEOS_DEPLOYMENT_TARGET = 9.0;
				LD_RUNPATH_SEARCH_PATHS = "$(inherited) @executable_path/Frameworks @loader_path/Frameworks";
				PRODUCT_BUNDLE_IDENTIFIER = com.1414degrees.silicon.ios.tests;
				PRODUCT_NAME = "$(TARGET_NAME)";
				SDKROOT = iphoneos;
			};
			name = Release;
		};
/* End XCBuildConfiguration section */

/* Begin XCConfigurationList section */
		272FBB191786611E002EAF62 /* Build configuration list for PBXProject "Silicon" */ = {
			isa = XCConfigurationList;
			buildConfigurations = (
				272FBB2A1786611E002EAF62 /* Debug */,
				272FBB2B1786611E002EAF62 /* Release */,
			);
			defaultConfigurationIsVisible = 0;
			defaultConfigurationName = Release;
		};
		2775319619E4F77400AFAB61 /* Build configuration list for PBXNativeTarget "Silicon iOS" */ = {
			isa = XCConfigurationList;
			buildConfigurations = (
				2775318E19E4F77400AFAB61 /* Debug */,
				2775318F19E4F77400AFAB61 /* Release */,
			);
			defaultConfigurationIsVisible = 0;
			defaultConfigurationName = Release;
		};
		27EE96811BA4E36C00670640 /* Build configuration list for PBXNativeTarget "Silicon iOS Tests" */ = {
			isa = XCConfigurationList;
			buildConfigurations = (
				27EE96821BA4E36C00670640 /* Debug */,
				27EE96831BA4E36C00670640 /* Release */,
			);
			defaultConfigurationIsVisible = 0;
			defaultConfigurationName = Release;
		};
/* End XCConfigurationList section */
	};
	rootObject = 272FBB161786611E002EAF62 /* Project object */;
}
