// !$*UTF8*$!
{
	archiveVersion = 1;
	classes = {
	};
	objectVersion = 46;
	objects = {

/* Begin PBXBuildFile section */
		2706A8871949222000AC8552 /* UIViewController+ScrollViewInsets.m in Sources */ = {isa = PBXBuildFile; fileRef = 2706A8861949222000AC8552 /* UIViewController+ScrollViewInsets.m */; };
		2706A8891949224200AC8552 /* UIViewController+ScrollViewInsets.h in CopyFiles */ = {isa = PBXBuildFile; fileRef = 2706A8851949222000AC8552 /* UIViewController+ScrollViewInsets.h */; };
		2706A88C1949291B00AC8552 /* UIView+Layout.m in Sources */ = {isa = PBXBuildFile; fileRef = 2706A88B1949291B00AC8552 /* UIView+Layout.m */; };
		270957D7193BA3D900D2DC49 /* FDScrollingTabBarController.m in Sources */ = {isa = PBXBuildFile; fileRef = 270957D6193BA3D900D2DC49 /* FDScrollingTabBarController.m */; };
		270957D8193BA48800D2DC49 /* FDScrollingTabBarController.h in CopyFiles */ = {isa = PBXBuildFile; fileRef = 270957D5193BA3D900D2DC49 /* FDScrollingTabBarController.h */; };
		272FBB221786611E002EAF62 /* Foundation.framework in Frameworks */ = {isa = PBXBuildFile; fileRef = 272FBB211786611E002EAF62 /* Foundation.framework */; };
		272FBB34178662F9002EAF62 /* Silicon.h in CopyFiles */ = {isa = PBXBuildFile; fileRef = 272FBB33178662E3002EAF62 /* Silicon.h */; };
		2742828F1949E95E001CF13C /* FDScrollingTabBar.m in Sources */ = {isa = PBXBuildFile; fileRef = 2742828E1949E95E001CF13C /* FDScrollingTabBar.m */; };
		274282901949EF16001CF13C /* FDScrollingTabBar.h in CopyFiles */ = {isa = PBXBuildFile; fileRef = 2742828D1949E95E001CF13C /* FDScrollingTabBar.h */; };
		274282911949EF16001CF13C /* UIView+Layout.h in CopyFiles */ = {isa = PBXBuildFile; fileRef = 2706A88A1949291B00AC8552 /* UIView+Layout.h */; };
		2746CB86194D0F52000E73C6 /* FDPushBackAnimator.m in Sources */ = {isa = PBXBuildFile; fileRef = 2746CB85194D0F52000E73C6 /* FDPushBackAnimator.m */; };
		2746CB87194D0F6B000E73C6 /* FDPushBackAnimator.h in CopyFiles */ = {isa = PBXBuildFile; fileRef = 2746CB84194D0F52000E73C6 /* FDPushBackAnimator.h */; };
		275160F517A769B500CB1A4E /* FDWeakMutableArray.h in CopyFiles */ = {isa = PBXBuildFile; fileRef = 27B551DD17A7180F0061F95A /* FDWeakMutableArray.h */; };
		27795CF8194BA0280090DBBD /* FDScrollingTabBarDelegate.h in CopyFiles */ = {isa = PBXBuildFile; fileRef = 27795CF7194B9ED20090DBBD /* FDScrollingTabBarDelegate.h */; };
		27805B9C192C3D8600C7F215 /* libFDImageLoader.a in Frameworks */ = {isa = PBXBuildFile; fileRef = 27805B99192C3D7700C7F215 /* libFDImageLoader.a */; };
		278543FF18C4D455000B3EA6 /* libFDDataClient.a in Frameworks */ = {isa = PBXBuildFile; fileRef = 278543FA18C4D435000B3EA6 /* libFDDataClient.a */; };
		2785440018C4D455000B3EA6 /* libFDSQLiteDatabase.a in Frameworks */ = {isa = PBXBuildFile; fileRef = 278543F318C4D42E000B3EA6 /* libFDSQLiteDatabase.a */; };
		278AFC9F18CAB842009571FE /* libFDKeychain.a in Frameworks */ = {isa = PBXBuildFile; fileRef = 278AFC9C18CAB82C009571FE /* libFDKeychain.a */; };
		278EDF9318F4DAE100A553B8 /* UIColor+Creation.m in Sources */ = {isa = PBXBuildFile; fileRef = 278EDF9218F4DAE100A553B8 /* UIColor+Creation.m */; };
		278EDF9418F4DBE200A553B8 /* UIColor+Creation.h in CopyFiles */ = {isa = PBXBuildFile; fileRef = 278EDF9118F4DAE100A553B8 /* UIColor+Creation.h */; };
		2794FBE01789DC3D0015146A /* NSBundle+Universal.m in Sources */ = {isa = PBXBuildFile; fileRef = 2794FBDF1789DC3D0015146A /* NSBundle+Universal.m */; };
		2794FBE21789DD0C0015146A /* UIKit.framework in Frameworks */ = {isa = PBXBuildFile; fileRef = 2794FBE11789DD0C0015146A /* UIKit.framework */; };
		2794FBF01789E2F60015146A /* UIDevice+Family.m in Sources */ = {isa = PBXBuildFile; fileRef = 2794FBEF1789E2F60015146A /* UIDevice+Family.m */; };
		2794FBF31789E9C70015146A /* UITableViewCell+Universal.m in Sources */ = {isa = PBXBuildFile; fileRef = 2794FBF21789E9C70015146A /* UITableViewCell+Universal.m */; };
		2794FBFA1789F2C60015146A /* FDViewController.m in Sources */ = {isa = PBXBuildFile; fileRef = 2794FBF91789F2C60015146A /* FDViewController.m */; };
		2794FC83178A248F0015146A /* FDViewController.h in CopyFiles */ = {isa = PBXBuildFile; fileRef = 2794FBF81789F2C60015146A /* FDViewController.h */; };
		2794FC84178A248F0015146A /* NSBundle+Universal.h in CopyFiles */ = {isa = PBXBuildFile; fileRef = 2794FBDE1789DC3D0015146A /* NSBundle+Universal.h */; };
		2794FC85178A248F0015146A /* UIDevice+Family.h in CopyFiles */ = {isa = PBXBuildFile; fileRef = 2794FBEE1789E2F60015146A /* UIDevice+Family.h */; };
		2794FC86178A248F0015146A /* UITableViewCell+Universal.h in CopyFiles */ = {isa = PBXBuildFile; fileRef = 2794FBF11789E9C70015146A /* UITableViewCell+Universal.h */; };
		27B551DF17A7180F0061F95A /* FDWeakMutableArray.m in Sources */ = {isa = PBXBuildFile; fileRef = 27B551DE17A7180F0061F95A /* FDWeakMutableArray.m */; };
		27DDD27C1915BA2F00254BC8 /* NSDate+RelativeStrings.m in Sources */ = {isa = PBXBuildFile; fileRef = 27DDD27B1915BA2F00254BC8 /* NSDate+RelativeStrings.m */; };
		27E7A7A719168DBC00509B42 /* NSDate+RelativeStrings.h in CopyFiles */ = {isa = PBXBuildFile; fileRef = 27DDD27A1915BA2F00254BC8 /* NSDate+RelativeStrings.h */; };
		27E7A7B11916A52600509B42 /* FDActionSheet+OpenURL.m in Sources */ = {isa = PBXBuildFile; fileRef = 27E7A7B01916A52600509B42 /* FDActionSheet+OpenURL.m */; };
		27E7A7B21916ABA800509B42 /* FDActionSheet+OpenURL.h in CopyFiles */ = {isa = PBXBuildFile; fileRef = 27E7A7AF1916A52600509B42 /* FDActionSheet+OpenURL.h */; };
		27EAC5F418D92E480085C7B6 /* FDActionSheet.m in Sources */ = {isa = PBXBuildFile; fileRef = 27EAC5F318D92E480085C7B6 /* FDActionSheet.m */; };
		27EAC5F518D934350085C7B6 /* FDActionSheet.h in CopyFiles */ = {isa = PBXBuildFile; fileRef = 27EAC5F218D92E480085C7B6 /* FDActionSheet.h */; };
		27ECC1F9195118D600732DCF /* FDCircleView.m in Sources */ = {isa = PBXBuildFile; fileRef = 27ECC1EB195118B400732DCF /* FDCircleView.m */; };
		27ECC1FA195118DA00732DCF /* FDLongPressMenu.m in Sources */ = {isa = PBXBuildFile; fileRef = 27ECC1EE195118B400732DCF /* FDLongPressMenu.m */; };
		27ECC1FB195118DE00732DCF /* FDRadialLongPressMenu.m in Sources */ = {isa = PBXBuildFile; fileRef = 27ECC1F4195118B400732DCF /* FDRadialLongPressMenu.m */; };
		27ECC1FC195118E000732DCF /* UIView+LongPressMenu.m in Sources */ = {isa = PBXBuildFile; fileRef = 27ECC1F8195118B400732DCF /* UIView+LongPressMenu.m */; };
		27ECC1FD1951191400732DCF /* FDCircleView.h in CopyFiles */ = {isa = PBXBuildFile; fileRef = 27ECC1EA195118B400732DCF /* FDCircleView.h */; };
		27ECC1FE1951191400732DCF /* FDDegreesToRadians.h in CopyFiles */ = {isa = PBXBuildFile; fileRef = 27ECC1EC195118B400732DCF /* FDDegreesToRadians.h */; };
		27ECC1FF1951191400732DCF /* FDLongPressMenu.h in CopyFiles */ = {isa = PBXBuildFile; fileRef = 27ECC1ED195118B400732DCF /* FDLongPressMenu.h */; };
		27ECC2001951191400732DCF /* FDLongPressMenuDelegate.h in CopyFiles */ = {isa = PBXBuildFile; fileRef = 27ECC1EF195118B400732DCF /* FDLongPressMenuDelegate.h */; };
		27ECC2011951191400732DCF /* FDLongPressMenuItem.h in CopyFiles */ = {isa = PBXBuildFile; fileRef = 27ECC1F1195118B400732DCF /* FDLongPressMenuItem.h */; };
		27ECC2021951191400732DCF /* FDRadialLongPressMenu.h in CopyFiles */ = {isa = PBXBuildFile; fileRef = 27ECC1F3195118B400732DCF /* FDRadialLongPressMenu.h */; };
		27ECC2031951191400732DCF /* UIView+LongPressMenu.h in CopyFiles */ = {isa = PBXBuildFile; fileRef = 27ECC1F7195118B400732DCF /* UIView+LongPressMenu.h */; };
		27ECC20419511BA700732DCF /* FDLongPressMenuItem.m in Sources */ = {isa = PBXBuildFile; fileRef = 27ECC1F2195118B400732DCF /* FDLongPressMenuItem.m */; };
		27FDE4121941444B00BC777F /* FDScrollingTabBarCell.m in Sources */ = {isa = PBXBuildFile; fileRef = 27FDE4111941444B00BC777F /* FDScrollingTabBarCell.m */; };
/* End PBXBuildFile section */

/* Begin PBXContainerItemProxy section */
		27805B98192C3D7700C7F215 /* PBXContainerItemProxy */ = {
			isa = PBXContainerItemProxy;
			containerPortal = 27805B92192C3D7700C7F215 /* FDImageLoader Static Library.xcodeproj */;
			proxyType = 2;
			remoteGlobalIDString = 275624B4192C2E0700D0331F;
			remoteInfo = FDImageLoader;
		};
		27805B9A192C3D8100C7F215 /* PBXContainerItemProxy */ = {
			isa = PBXContainerItemProxy;
			containerPortal = 27805B92192C3D7700C7F215 /* FDImageLoader Static Library.xcodeproj */;
			proxyType = 1;
			remoteGlobalIDString = 275624B3192C2E0700D0331F;
			remoteInfo = FDImageLoader;
		};
		278543F218C4D42E000B3EA6 /* PBXContainerItemProxy */ = {
			isa = PBXContainerItemProxy;
			containerPortal = 278543ED18C4D42E000B3EA6 /* FDSQLiteDatabase Static Library.xcodeproj */;
			proxyType = 2;
			remoteGlobalIDString = 27A86A70177E67A400C56658;
			remoteInfo = FDSQLiteDatabase;
		};
		278543F918C4D435000B3EA6 /* PBXContainerItemProxy */ = {
			isa = PBXContainerItemProxy;
			containerPortal = 278543F418C4D435000B3EA6 /* FDDataClient Static Library.xcodeproj */;
			proxyType = 2;
			remoteGlobalIDString = 27D82F5318A5B083004A9D05;
			remoteInfo = FDDataClient;
		};
		278543FB18C4D44D000B3EA6 /* PBXContainerItemProxy */ = {
			isa = PBXContainerItemProxy;
			containerPortal = 278543F418C4D435000B3EA6 /* FDDataClient Static Library.xcodeproj */;
			proxyType = 1;
			remoteGlobalIDString = 27D82F5218A5B083004A9D05;
			remoteInfo = FDDataClient;
		};
		278543FD18C4D44F000B3EA6 /* PBXContainerItemProxy */ = {
			isa = PBXContainerItemProxy;
			containerPortal = 278543ED18C4D42E000B3EA6 /* FDSQLiteDatabase Static Library.xcodeproj */;
			proxyType = 1;
			remoteGlobalIDString = 27A86A6F177E67A400C56658;
			remoteInfo = FDSQLiteDatabase;
		};
		278AFC9B18CAB82C009571FE /* PBXContainerItemProxy */ = {
			isa = PBXContainerItemProxy;
			containerPortal = 278AFC9718CAB82C009571FE /* FDKeychain Static Library.xcodeproj */;
			proxyType = 2;
			remoteGlobalIDString = 27F5117916AF1FEE00B05F89;
			remoteInfo = FDKeychain;
		};
		278AFC9D18CAB83A009571FE /* PBXContainerItemProxy */ = {
			isa = PBXContainerItemProxy;
			containerPortal = 278AFC9718CAB82C009571FE /* FDKeychain Static Library.xcodeproj */;
			proxyType = 1;
			remoteGlobalIDString = 27F5117816AF1FEE00B05F89;
			remoteInfo = FDKeychain;
		};
/* End PBXContainerItemProxy section */

/* Begin PBXCopyFilesBuildPhase section */
		272FBB1C1786611E002EAF62 /* CopyFiles */ = {
			isa = PBXCopyFilesBuildPhase;
			buildActionMask = 2147483647;
			dstPath = "include/${PRODUCT_NAME}";
			dstSubfolderSpec = 16;
			files = (
				27ECC1FD1951191400732DCF /* FDCircleView.h in CopyFiles */,
				27ECC1FE1951191400732DCF /* FDDegreesToRadians.h in CopyFiles */,
				27ECC1FF1951191400732DCF /* FDLongPressMenu.h in CopyFiles */,
				27ECC2001951191400732DCF /* FDLongPressMenuDelegate.h in CopyFiles */,
				27ECC2011951191400732DCF /* FDLongPressMenuItem.h in CopyFiles */,
				27ECC2021951191400732DCF /* FDRadialLongPressMenu.h in CopyFiles */,
				27ECC2031951191400732DCF /* UIView+LongPressMenu.h in CopyFiles */,
				2746CB87194D0F6B000E73C6 /* FDPushBackAnimator.h in CopyFiles */,
				27795CF8194BA0280090DBBD /* FDScrollingTabBarDelegate.h in CopyFiles */,
				274282901949EF16001CF13C /* FDScrollingTabBar.h in CopyFiles */,
				274282911949EF16001CF13C /* UIView+Layout.h in CopyFiles */,
				2706A8891949224200AC8552 /* UIViewController+ScrollViewInsets.h in CopyFiles */,
				270957D8193BA48800D2DC49 /* FDScrollingTabBarController.h in CopyFiles */,
				27E7A7B21916ABA800509B42 /* FDActionSheet+OpenURL.h in CopyFiles */,
				27E7A7A719168DBC00509B42 /* NSDate+RelativeStrings.h in CopyFiles */,
				278EDF9418F4DBE200A553B8 /* UIColor+Creation.h in CopyFiles */,
				27EAC5F518D934350085C7B6 /* FDActionSheet.h in CopyFiles */,
				275160F517A769B500CB1A4E /* FDWeakMutableArray.h in CopyFiles */,
				2794FC83178A248F0015146A /* FDViewController.h in CopyFiles */,
				2794FC84178A248F0015146A /* NSBundle+Universal.h in CopyFiles */,
				2794FC85178A248F0015146A /* UIDevice+Family.h in CopyFiles */,
				2794FC86178A248F0015146A /* UITableViewCell+Universal.h in CopyFiles */,
				272FBB34178662F9002EAF62 /* Silicon.h in CopyFiles */,
			);
			runOnlyForDeploymentPostprocessing = 0;
		};
/* End PBXCopyFilesBuildPhase section */

/* Begin PBXFileReference section */
		2706A8851949222000AC8552 /* UIViewController+ScrollViewInsets.h */ = {isa = PBXFileReference; fileEncoding = 4; lastKnownFileType = sourcecode.c.h; path = "UIViewController+ScrollViewInsets.h"; sourceTree = "<group>"; };
		2706A8861949222000AC8552 /* UIViewController+ScrollViewInsets.m */ = {isa = PBXFileReference; fileEncoding = 4; lastKnownFileType = sourcecode.c.objc; path = "UIViewController+ScrollViewInsets.m"; sourceTree = "<group>"; };
		2706A88A1949291B00AC8552 /* UIView+Layout.h */ = {isa = PBXFileReference; fileEncoding = 4; lastKnownFileType = sourcecode.c.h; path = "UIView+Layout.h"; sourceTree = "<group>"; };
		2706A88B1949291B00AC8552 /* UIView+Layout.m */ = {isa = PBXFileReference; fileEncoding = 4; lastKnownFileType = sourcecode.c.objc; path = "UIView+Layout.m"; sourceTree = "<group>"; };
		270957D5193BA3D900D2DC49 /* FDScrollingTabBarController.h */ = {isa = PBXFileReference; fileEncoding = 4; lastKnownFileType = sourcecode.c.h; path = FDScrollingTabBarController.h; sourceTree = "<group>"; };
		270957D6193BA3D900D2DC49 /* FDScrollingTabBarController.m */ = {isa = PBXFileReference; fileEncoding = 4; lastKnownFileType = sourcecode.c.objc; path = FDScrollingTabBarController.m; sourceTree = "<group>"; };
		272FBB1E1786611E002EAF62 /* libSilicon.a */ = {isa = PBXFileReference; explicitFileType = archive.ar; includeInIndex = 0; path = libSilicon.a; sourceTree = BUILT_PRODUCTS_DIR; };
		272FBB211786611E002EAF62 /* Foundation.framework */ = {isa = PBXFileReference; lastKnownFileType = wrapper.framework; name = Foundation.framework; path = System/Library/Frameworks/Foundation.framework; sourceTree = SDKROOT; };
		272FBB251786611E002EAF62 /* Prefix.pch */ = {isa = PBXFileReference; lastKnownFileType = sourcecode.c.h; path = Prefix.pch; sourceTree = "<group>"; };
		272FBB33178662E3002EAF62 /* Silicon.h */ = {isa = PBXFileReference; lastKnownFileType = sourcecode.c.h; path = Silicon.h; sourceTree = "<group>"; };
		2742828D1949E95E001CF13C /* FDScrollingTabBar.h */ = {isa = PBXFileReference; fileEncoding = 4; lastKnownFileType = sourcecode.c.h; path = FDScrollingTabBar.h; sourceTree = "<group>"; };
		2742828E1949E95E001CF13C /* FDScrollingTabBar.m */ = {isa = PBXFileReference; fileEncoding = 4; lastKnownFileType = sourcecode.c.objc; path = FDScrollingTabBar.m; sourceTree = "<group>"; };
		2746CB84194D0F52000E73C6 /* FDPushBackAnimator.h */ = {isa = PBXFileReference; fileEncoding = 4; lastKnownFileType = sourcecode.c.h; path = FDPushBackAnimator.h; sourceTree = "<group>"; };
		2746CB85194D0F52000E73C6 /* FDPushBackAnimator.m */ = {isa = PBXFileReference; fileEncoding = 4; lastKnownFileType = sourcecode.c.objc; path = FDPushBackAnimator.m; sourceTree = "<group>"; };
		27795CF7194B9ED20090DBBD /* FDScrollingTabBarDelegate.h */ = {isa = PBXFileReference; lastKnownFileType = sourcecode.c.h; path = FDScrollingTabBarDelegate.h; sourceTree = "<group>"; };
		27805B92192C3D7700C7F215 /* FDImageLoader Static Library.xcodeproj */ = {isa = PBXFileReference; lastKnownFileType = "wrapper.pb-project"; name = "FDImageLoader Static Library.xcodeproj"; path = "FDImageLoader/Static Library Project/FDImageLoader Static Library.xcodeproj"; sourceTree = "<group>"; };
		278543ED18C4D42E000B3EA6 /* FDSQLiteDatabase Static Library.xcodeproj */ = {isa = PBXFileReference; lastKnownFileType = "wrapper.pb-project"; name = "FDSQLiteDatabase Static Library.xcodeproj"; path = "FDSQLiteDatabase/Static Library Project/FDSQLiteDatabase Static Library.xcodeproj"; sourceTree = "<group>"; };
		278543F418C4D435000B3EA6 /* FDDataClient Static Library.xcodeproj */ = {isa = PBXFileReference; lastKnownFileType = "wrapper.pb-project"; name = "FDDataClient Static Library.xcodeproj"; path = "FDDataClient/Static Library Project/FDDataClient Static Library.xcodeproj"; sourceTree = "<group>"; };
		278AFC9718CAB82C009571FE /* FDKeychain Static Library.xcodeproj */ = {isa = PBXFileReference; lastKnownFileType = "wrapper.pb-project"; name = "FDKeychain Static Library.xcodeproj"; path = "FDKeychain/Static Library Project/FDKeychain Static Library.xcodeproj"; sourceTree = "<group>"; };
		278EDF9118F4DAE100A553B8 /* UIColor+Creation.h */ = {isa = PBXFileReference; fileEncoding = 4; lastKnownFileType = sourcecode.c.h; path = "UIColor+Creation.h"; sourceTree = "<group>"; };
		278EDF9218F4DAE100A553B8 /* UIColor+Creation.m */ = {isa = PBXFileReference; fileEncoding = 4; lastKnownFileType = sourcecode.c.objc; path = "UIColor+Creation.m"; sourceTree = "<group>"; };
		2794FBDE1789DC3D0015146A /* NSBundle+Universal.h */ = {isa = PBXFileReference; fileEncoding = 4; lastKnownFileType = sourcecode.c.h; path = "NSBundle+Universal.h"; sourceTree = "<group>"; };
		2794FBDF1789DC3D0015146A /* NSBundle+Universal.m */ = {isa = PBXFileReference; fileEncoding = 4; lastKnownFileType = sourcecode.c.objc; path = "NSBundle+Universal.m"; sourceTree = "<group>"; };
		2794FBE11789DD0C0015146A /* UIKit.framework */ = {isa = PBXFileReference; lastKnownFileType = wrapper.framework; name = UIKit.framework; path = System/Library/Frameworks/UIKit.framework; sourceTree = SDKROOT; };
		2794FBEE1789E2F60015146A /* UIDevice+Family.h */ = {isa = PBXFileReference; fileEncoding = 4; lastKnownFileType = sourcecode.c.h; path = "UIDevice+Family.h"; sourceTree = "<group>"; };
		2794FBEF1789E2F60015146A /* UIDevice+Family.m */ = {isa = PBXFileReference; fileEncoding = 4; lastKnownFileType = sourcecode.c.objc; path = "UIDevice+Family.m"; sourceTree = "<group>"; };
		2794FBF11789E9C70015146A /* UITableViewCell+Universal.h */ = {isa = PBXFileReference; fileEncoding = 4; lastKnownFileType = sourcecode.c.h; path = "UITableViewCell+Universal.h"; sourceTree = "<group>"; };
		2794FBF21789E9C70015146A /* UITableViewCell+Universal.m */ = {isa = PBXFileReference; fileEncoding = 4; lastKnownFileType = sourcecode.c.objc; path = "UITableViewCell+Universal.m"; sourceTree = "<group>"; };
		2794FBF81789F2C60015146A /* FDViewController.h */ = {isa = PBXFileReference; fileEncoding = 4; lastKnownFileType = sourcecode.c.h; path = FDViewController.h; sourceTree = "<group>"; };
		2794FBF91789F2C60015146A /* FDViewController.m */ = {isa = PBXFileReference; fileEncoding = 4; lastKnownFileType = sourcecode.c.objc; path = FDViewController.m; sourceTree = "<group>"; };
		27B551DD17A7180F0061F95A /* FDWeakMutableArray.h */ = {isa = PBXFileReference; fileEncoding = 4; lastKnownFileType = sourcecode.c.h; path = FDWeakMutableArray.h; sourceTree = "<group>"; };
		27B551DE17A7180F0061F95A /* FDWeakMutableArray.m */ = {isa = PBXFileReference; fileEncoding = 4; lastKnownFileType = sourcecode.c.objc; path = FDWeakMutableArray.m; sourceTree = "<group>"; };
		27DDD27A1915BA2F00254BC8 /* NSDate+RelativeStrings.h */ = {isa = PBXFileReference; fileEncoding = 4; lastKnownFileType = sourcecode.c.h; path = "NSDate+RelativeStrings.h"; sourceTree = "<group>"; };
		27DDD27B1915BA2F00254BC8 /* NSDate+RelativeStrings.m */ = {isa = PBXFileReference; fileEncoding = 4; lastKnownFileType = sourcecode.c.objc; path = "NSDate+RelativeStrings.m"; sourceTree = "<group>"; };
		27E7A7AF1916A52600509B42 /* FDActionSheet+OpenURL.h */ = {isa = PBXFileReference; fileEncoding = 4; lastKnownFileType = sourcecode.c.h; path = "FDActionSheet+OpenURL.h"; sourceTree = "<group>"; };
		27E7A7B01916A52600509B42 /* FDActionSheet+OpenURL.m */ = {isa = PBXFileReference; fileEncoding = 4; lastKnownFileType = sourcecode.c.objc; path = "FDActionSheet+OpenURL.m"; sourceTree = "<group>"; };
		27EAC5F218D92E480085C7B6 /* FDActionSheet.h */ = {isa = PBXFileReference; fileEncoding = 4; lastKnownFileType = sourcecode.c.h; path = FDActionSheet.h; sourceTree = "<group>"; };
		27EAC5F318D92E480085C7B6 /* FDActionSheet.m */ = {isa = PBXFileReference; fileEncoding = 4; lastKnownFileType = sourcecode.c.objc; path = FDActionSheet.m; sourceTree = "<group>"; };
		27ECC1EA195118B400732DCF /* FDCircleView.h */ = {isa = PBXFileReference; lastKnownFileType = sourcecode.c.h; path = FDCircleView.h; sourceTree = "<group>"; };
		27ECC1EB195118B400732DCF /* FDCircleView.m */ = {isa = PBXFileReference; lastKnownFileType = sourcecode.c.objc; path = FDCircleView.m; sourceTree = "<group>"; };
		27ECC1EC195118B400732DCF /* FDDegreesToRadians.h */ = {isa = PBXFileReference; lastKnownFileType = sourcecode.c.h; path = FDDegreesToRadians.h; sourceTree = "<group>"; };
		27ECC1ED195118B400732DCF /* FDLongPressMenu.h */ = {isa = PBXFileReference; lastKnownFileType = sourcecode.c.h; path = FDLongPressMenu.h; sourceTree = "<group>"; };
		27ECC1EE195118B400732DCF /* FDLongPressMenu.m */ = {isa = PBXFileReference; lastKnownFileType = sourcecode.c.objc; path = FDLongPressMenu.m; sourceTree = "<group>"; };
		27ECC1EF195118B400732DCF /* FDLongPressMenuDelegate.h */ = {isa = PBXFileReference; lastKnownFileType = sourcecode.c.h; path = FDLongPressMenuDelegate.h; sourceTree = "<group>"; };
		27ECC1F0195118B400732DCF /* FDLongPressMenuItem+Private.h */ = {isa = PBXFileReference; lastKnownFileType = sourcecode.c.h; path = "FDLongPressMenuItem+Private.h"; sourceTree = "<group>"; };
		27ECC1F1195118B400732DCF /* FDLongPressMenuItem.h */ = {isa = PBXFileReference; lastKnownFileType = sourcecode.c.h; path = FDLongPressMenuItem.h; sourceTree = "<group>"; };
		27ECC1F2195118B400732DCF /* FDLongPressMenuItem.m */ = {isa = PBXFileReference; lastKnownFileType = sourcecode.c.objc; path = FDLongPressMenuItem.m; sourceTree = "<group>"; };
		27ECC1F3195118B400732DCF /* FDRadialLongPressMenu.h */ = {isa = PBXFileReference; lastKnownFileType = sourcecode.c.h; path = FDRadialLongPressMenu.h; sourceTree = "<group>"; };
		27ECC1F4195118B400732DCF /* FDRadialLongPressMenu.m */ = {isa = PBXFileReference; lastKnownFileType = sourcecode.c.objc; path = FDRadialLongPressMenu.m; sourceTree = "<group>"; };
		27ECC1F7195118B400732DCF /* UIView+LongPressMenu.h */ = {isa = PBXFileReference; lastKnownFileType = sourcecode.c.h; path = "UIView+LongPressMenu.h"; sourceTree = "<group>"; };
		27ECC1F8195118B400732DCF /* UIView+LongPressMenu.m */ = {isa = PBXFileReference; lastKnownFileType = sourcecode.c.objc; path = "UIView+LongPressMenu.m"; sourceTree = "<group>"; };
		27FDE4101941444B00BC777F /* FDScrollingTabBarCell.h */ = {isa = PBXFileReference; fileEncoding = 4; lastKnownFileType = sourcecode.c.h; path = FDScrollingTabBarCell.h; sourceTree = "<group>"; };
		27FDE4111941444B00BC777F /* FDScrollingTabBarCell.m */ = {isa = PBXFileReference; fileEncoding = 4; lastKnownFileType = sourcecode.c.objc; path = FDScrollingTabBarCell.m; sourceTree = "<group>"; };
/* End PBXFileReference section */

/* Begin PBXFrameworksBuildPhase section */
		272FBB1B1786611E002EAF62 /* Frameworks */ = {
			isa = PBXFrameworksBuildPhase;
			buildActionMask = 2147483647;
			files = (
				272FBB221786611E002EAF62 /* Foundation.framework in Frameworks */,
				2794FBE21789DD0C0015146A /* UIKit.framework in Frameworks */,
				278AFC9F18CAB842009571FE /* libFDKeychain.a in Frameworks */,
				278543FF18C4D455000B3EA6 /* libFDDataClient.a in Frameworks */,
				27805B9C192C3D8600C7F215 /* libFDImageLoader.a in Frameworks */,
				2785440018C4D455000B3EA6 /* libFDSQLiteDatabase.a in Frameworks */,
			);
			runOnlyForDeploymentPostprocessing = 0;
		};
/* End PBXFrameworksBuildPhase section */

/* Begin PBXGroup section */
		272FBB151786611E002EAF62 = {
			isa = PBXGroup;
			children = (
				272FBB231786611E002EAF62 /* Silicon Static Library */,
				272FBB201786611E002EAF62 /* Frameworks */,
				272FBB1F1786611E002EAF62 /* Products */,
			);
			sourceTree = "<group>";
		};
		272FBB1F1786611E002EAF62 /* Products */ = {
			isa = PBXGroup;
			children = (
				272FBB1E1786611E002EAF62 /* libSilicon.a */,
			);
			name = Products;
			sourceTree = "<group>";
		};
		272FBB201786611E002EAF62 /* Frameworks */ = {
			isa = PBXGroup;
			children = (
				272FBB211786611E002EAF62 /* Foundation.framework */,
				2794FBE11789DD0C0015146A /* UIKit.framework */,
			);
			name = Frameworks;
			sourceTree = "<group>";
		};
		272FBB231786611E002EAF62 /* Silicon Static Library */ = {
			isa = PBXGroup;
			children = (
				272FBB33178662E3002EAF62 /* Silicon.h */,
				272FBB31178661E0002EAF62 /* Silicon */,
				2785435618C4D420000B3EA6 /* Vendors */,
				272FBB241786611E002EAF62 /* Supporting Files */,
			);
			path = "Silicon Static Library";
			sourceTree = "<group>";
		};
		272FBB241786611E002EAF62 /* Supporting Files */ = {
			isa = PBXGroup;
			children = (
				272FBB251786611E002EAF62 /* Prefix.pch */,
			);
			path = "Supporting Files";
			sourceTree = "<group>";
		};
		272FBB31178661E0002EAF62 /* Silicon */ = {
			isa = PBXGroup;
			children = (
				27B551D517A7165D0061F95A /* Common */,
				272FBB63178701B0002EAF62 /* Controllers */,
				27EAC5F118D92E020085C7B6 /* Controls */,
				272FBB6417870306002EAF62 /* Categories */,
			);
			name = Silicon;
			sourceTree = "<group>";
		};
		272FBB63178701B0002EAF62 /* Controllers */ = {
			isa = PBXGroup;
			children = (
				2794FBF81789F2C60015146A /* FDViewController.h */,
				2794FBF91789F2C60015146A /* FDViewController.m */,
				270957D5193BA3D900D2DC49 /* FDScrollingTabBarController.h */,
				270957D6193BA3D900D2DC49 /* FDScrollingTabBarController.m */,
			);
			name = Controllers;
			path = ../../Silicon/Controllers;
			sourceTree = "<group>";
		};
		272FBB6417870306002EAF62 /* Categories */ = {
			isa = PBXGroup;
			children = (
				27E7A7AF1916A52600509B42 /* FDActionSheet+OpenURL.h */,
				27E7A7B01916A52600509B42 /* FDActionSheet+OpenURL.m */,
				2794FBDE1789DC3D0015146A /* NSBundle+Universal.h */,
				2794FBDF1789DC3D0015146A /* NSBundle+Universal.m */,
				27DDD27A1915BA2F00254BC8 /* NSDate+RelativeStrings.h */,
				27DDD27B1915BA2F00254BC8 /* NSDate+RelativeStrings.m */,
				278EDF9118F4DAE100A553B8 /* UIColor+Creation.h */,
				278EDF9218F4DAE100A553B8 /* UIColor+Creation.m */,
				2794FBEE1789E2F60015146A /* UIDevice+Family.h */,
				2794FBEF1789E2F60015146A /* UIDevice+Family.m */,
				2794FBF11789E9C70015146A /* UITableViewCell+Universal.h */,
				2794FBF21789E9C70015146A /* UITableViewCell+Universal.m */,
				2706A88A1949291B00AC8552 /* UIView+Layout.h */,
				2706A88B1949291B00AC8552 /* UIView+Layout.m */,
				2706A8851949222000AC8552 /* UIViewController+ScrollViewInsets.h */,
				2706A8861949222000AC8552 /* UIViewController+ScrollViewInsets.m */,
			);
			name = Categories;
			path = ../../Silicon/Categories;
			sourceTree = "<group>";
		};
		27805B93192C3D7700C7F215 /* Products */ = {
			isa = PBXGroup;
			children = (
				27805B99192C3D7700C7F215 /* libFDImageLoader.a */,
			);
			name = Products;
			sourceTree = "<group>";
		};
		2785435618C4D420000B3EA6 /* Vendors */ = {
			isa = PBXGroup;
			children = (
				278AFC9718CAB82C009571FE /* FDKeychain Static Library.xcodeproj */,
				278543F418C4D435000B3EA6 /* FDDataClient Static Library.xcodeproj */,
				27805B92192C3D7700C7F215 /* FDImageLoader Static Library.xcodeproj */,
				278543ED18C4D42E000B3EA6 /* FDSQLiteDatabase Static Library.xcodeproj */,
				27ECC1E9195118B400732DCF /* FDLongPressMenu */,
			);
			name = Vendors;
			path = ../../Vendors;
			sourceTree = "<group>";
		};
		278543EE18C4D42E000B3EA6 /* Products */ = {
			isa = PBXGroup;
			children = (
				278543F318C4D42E000B3EA6 /* libFDSQLiteDatabase.a */,
			);
			name = Products;
			sourceTree = "<group>";
		};
		278543F518C4D435000B3EA6 /* Products */ = {
			isa = PBXGroup;
			children = (
				278543FA18C4D435000B3EA6 /* libFDDataClient.a */,
			);
			name = Products;
			sourceTree = "<group>";
		};
		278AFC9818CAB82C009571FE /* Products */ = {
			isa = PBXGroup;
			children = (
				278AFC9C18CAB82C009571FE /* libFDKeychain.a */,
			);
			name = Products;
			sourceTree = "<group>";
		};
		27B551D517A7165D0061F95A /* Common */ = {
			isa = PBXGroup;
			children = (
				27B551DD17A7180F0061F95A /* FDWeakMutableArray.h */,
				27B551DE17A7180F0061F95A /* FDWeakMutableArray.m */,
				2746CB84194D0F52000E73C6 /* FDPushBackAnimator.h */,
				2746CB85194D0F52000E73C6 /* FDPushBackAnimator.m */,
			);
			name = Common;
			path = ../../Silicon/Common;
			sourceTree = "<group>";
		};
		27EAC5F118D92E020085C7B6 /* Controls */ = {
			isa = PBXGroup;
			children = (
				27EAC5F218D92E480085C7B6 /* FDActionSheet.h */,
				27EAC5F318D92E480085C7B6 /* FDActionSheet.m */,
				2742828D1949E95E001CF13C /* FDScrollingTabBar.h */,
				2742828E1949E95E001CF13C /* FDScrollingTabBar.m */,
				27795CF7194B9ED20090DBBD /* FDScrollingTabBarDelegate.h */,
				27FDE4101941444B00BC777F /* FDScrollingTabBarCell.h */,
				27FDE4111941444B00BC777F /* FDScrollingTabBarCell.m */,
			);
			name = Controls;
			path = ../../Silicon/Controls;
			sourceTree = "<group>";
		};
		27ECC1E9195118B400732DCF /* FDLongPressMenu */ = {
			isa = PBXGroup;
			children = (
				27ECC1EA195118B400732DCF /* FDCircleView.h */,
				27ECC1EB195118B400732DCF /* FDCircleView.m */,
				27ECC1EC195118B400732DCF /* FDDegreesToRadians.h */,
				27ECC1ED195118B400732DCF /* FDLongPressMenu.h */,
				27ECC1EE195118B400732DCF /* FDLongPressMenu.m */,
				27ECC1EF195118B400732DCF /* FDLongPressMenuDelegate.h */,
				27ECC1F0195118B400732DCF /* FDLongPressMenuItem+Private.h */,
				27ECC1F1195118B400732DCF /* FDLongPressMenuItem.h */,
				27ECC1F2195118B400732DCF /* FDLongPressMenuItem.m */,
				27ECC1F3195118B400732DCF /* FDRadialLongPressMenu.h */,
				27ECC1F4195118B400732DCF /* FDRadialLongPressMenu.m */,
				27ECC1F7195118B400732DCF /* UIView+LongPressMenu.h */,
				27ECC1F8195118B400732DCF /* UIView+LongPressMenu.m */,
			);
			name = FDLongPressMenu;
			path = "../Static Library Project/Silicon Static Library/FDLongPressMenu";
			sourceTree = "<group>";
		};
/* End PBXGroup section */

/* Begin PBXNativeTarget section */
		272FBB1D1786611E002EAF62 /* Silicon */ = {
			isa = PBXNativeTarget;
			buildConfigurationList = 272FBB2C1786611E002EAF62 /* Build configuration list for PBXNativeTarget "Silicon" */;
			buildPhases = (
				272FBB1A1786611E002EAF62 /* Sources */,
				272FBB1B1786611E002EAF62 /* Frameworks */,
				272FBB1C1786611E002EAF62 /* CopyFiles */,
			);
			buildRules = (
			);
			dependencies = (
				278AFC9E18CAB83A009571FE /* PBXTargetDependency */,
				278543FC18C4D44D000B3EA6 /* PBXTargetDependency */,
				27805B9B192C3D8100C7F215 /* PBXTargetDependency */,
				278543FE18C4D44F000B3EA6 /* PBXTargetDependency */,
			);
			name = Silicon;
			productName = "Silicon Static Library";
			productReference = 272FBB1E1786611E002EAF62 /* libSilicon.a */;
			productType = "com.apple.product-type.library.static";
		};
/* End PBXNativeTarget section */

/* Begin PBXProject section */
		272FBB161786611E002EAF62 /* Project object */ = {
			isa = PBXProject;
			attributes = {
				LastUpgradeCheck = 0510;
				ORGANIZATIONNAME = "1414 Degrees";
			};
			buildConfigurationList = 272FBB191786611E002EAF62 /* Build configuration list for PBXProject "Silicon Static Library" */;
			compatibilityVersion = "Xcode 3.2";
			developmentRegion = English;
			hasScannedForEncodings = 0;
			knownRegions = (
				en,
			);
			mainGroup = 272FBB151786611E002EAF62;
			productRefGroup = 272FBB1F1786611E002EAF62 /* Products */;
			projectDirPath = "";
			projectReferences = (
				{
					ProductGroup = 278543F518C4D435000B3EA6 /* Products */;
					ProjectRef = 278543F418C4D435000B3EA6 /* FDDataClient Static Library.xcodeproj */;
				},
				{
					ProductGroup = 27805B93192C3D7700C7F215 /* Products */;
					ProjectRef = 27805B92192C3D7700C7F215 /* FDImageLoader Static Library.xcodeproj */;
				},
				{
					ProductGroup = 278AFC9818CAB82C009571FE /* Products */;
					ProjectRef = 278AFC9718CAB82C009571FE /* FDKeychain Static Library.xcodeproj */;
				},
				{
					ProductGroup = 278543EE18C4D42E000B3EA6 /* Products */;
					ProjectRef = 278543ED18C4D42E000B3EA6 /* FDSQLiteDatabase Static Library.xcodeproj */;
				},
			);
			projectRoot = "";
			targets = (
				272FBB1D1786611E002EAF62 /* Silicon */,
			);
		};
/* End PBXProject section */

/* Begin PBXReferenceProxy section */
		27805B99192C3D7700C7F215 /* libFDImageLoader.a */ = {
			isa = PBXReferenceProxy;
			fileType = archive.ar;
			path = libFDImageLoader.a;
			remoteRef = 27805B98192C3D7700C7F215 /* PBXContainerItemProxy */;
			sourceTree = BUILT_PRODUCTS_DIR;
		};
		278543F318C4D42E000B3EA6 /* libFDSQLiteDatabase.a */ = {
			isa = PBXReferenceProxy;
			fileType = archive.ar;
			path = libFDSQLiteDatabase.a;
			remoteRef = 278543F218C4D42E000B3EA6 /* PBXContainerItemProxy */;
			sourceTree = BUILT_PRODUCTS_DIR;
		};
		278543FA18C4D435000B3EA6 /* libFDDataClient.a */ = {
			isa = PBXReferenceProxy;
			fileType = archive.ar;
			path = libFDDataClient.a;
			remoteRef = 278543F918C4D435000B3EA6 /* PBXContainerItemProxy */;
			sourceTree = BUILT_PRODUCTS_DIR;
		};
		278AFC9C18CAB82C009571FE /* libFDKeychain.a */ = {
			isa = PBXReferenceProxy;
			fileType = archive.ar;
			path = libFDKeychain.a;
			remoteRef = 278AFC9B18CAB82C009571FE /* PBXContainerItemProxy */;
			sourceTree = BUILT_PRODUCTS_DIR;
		};
/* End PBXReferenceProxy section */

/* Begin PBXSourcesBuildPhase section */
		272FBB1A1786611E002EAF62 /* Sources */ = {
			isa = PBXSourcesBuildPhase;
			buildActionMask = 2147483647;
			files = (
				27ECC1F9195118D600732DCF /* FDCircleView.m in Sources */,
				27E7A7B11916A52600509B42 /* FDActionSheet+OpenURL.m in Sources */,
				2742828F1949E95E001CF13C /* FDScrollingTabBar.m in Sources */,
				2794FBE01789DC3D0015146A /* NSBundle+Universal.m in Sources */,
				2706A8871949222000AC8552 /* UIViewController+ScrollViewInsets.m in Sources */,
				2794FBF01789E2F60015146A /* UIDevice+Family.m in Sources */,
				2746CB86194D0F52000E73C6 /* FDPushBackAnimator.m in Sources */,
				27ECC20419511BA700732DCF /* FDLongPressMenuItem.m in Sources */,
				2794FBF31789E9C70015146A /* UITableViewCell+Universal.m in Sources */,
				2706A88C1949291B00AC8552 /* UIView+Layout.m in Sources */,
				27DDD27C1915BA2F00254BC8 /* NSDate+RelativeStrings.m in Sources */,
				270957D7193BA3D900D2DC49 /* FDScrollingTabBarController.m in Sources */,
				2794FBFA1789F2C60015146A /* FDViewController.m in Sources */,
				27B551DF17A7180F0061F95A /* FDWeakMutableArray.m in Sources */,
				278EDF9318F4DAE100A553B8 /* UIColor+Creation.m in Sources */,
				27ECC1FA195118DA00732DCF /* FDLongPressMenu.m in Sources */,
				27ECC1FB195118DE00732DCF /* FDRadialLongPressMenu.m in Sources */,
				27EAC5F418D92E480085C7B6 /* FDActionSheet.m in Sources */,
				27ECC1FC195118E000732DCF /* UIView+LongPressMenu.m in Sources */,
				27FDE4121941444B00BC777F /* FDScrollingTabBarCell.m in Sources */,
			);
			runOnlyForDeploymentPostprocessing = 0;
		};
/* End PBXSourcesBuildPhase section */

/* Begin PBXTargetDependency section */
		27805B9B192C3D8100C7F215 /* PBXTargetDependency */ = {
			isa = PBXTargetDependency;
			name = FDImageLoader;
			targetProxy = 27805B9A192C3D8100C7F215 /* PBXContainerItemProxy */;
		};
		278543FC18C4D44D000B3EA6 /* PBXTargetDependency */ = {
			isa = PBXTargetDependency;
			name = FDDataClient;
			targetProxy = 278543FB18C4D44D000B3EA6 /* PBXContainerItemProxy */;
		};
		278543FE18C4D44F000B3EA6 /* PBXTargetDependency */ = {
			isa = PBXTargetDependency;
			name = FDSQLiteDatabase;
			targetProxy = 278543FD18C4D44F000B3EA6 /* PBXContainerItemProxy */;
		};
		278AFC9E18CAB83A009571FE /* PBXTargetDependency */ = {
			isa = PBXTargetDependency;
			name = FDKeychain;
			targetProxy = 278AFC9D18CAB83A009571FE /* PBXContainerItemProxy */;
		};
/* End PBXTargetDependency section */

/* Begin XCBuildConfiguration section */
		272FBB2A1786611E002EAF62 /* Debug */ = {
			isa = XCBuildConfiguration;
			buildSettings = {
				ALWAYS_SEARCH_USER_PATHS = NO;
				CLANG_ENABLE_MODULES = YES;
				CLANG_ENABLE_OBJC_ARC = YES;
				CLANG_WARN_BOOL_CONVERSION = YES;
				CLANG_WARN_CONSTANT_CONVERSION = YES;
				CLANG_WARN_DIRECT_OBJC_ISA_USAGE = YES_ERROR;
				CLANG_WARN_EMPTY_BODY = YES;
				CLANG_WARN_ENUM_CONVERSION = YES;
				CLANG_WARN_INT_CONVERSION = YES;
				CLANG_WARN_OBJC_ROOT_CLASS = YES_ERROR;
				CLANG_WARN__DUPLICATE_METHOD_MATCH = YES;
				COPY_PHASE_STRIP = NO;
				GCC_C_LANGUAGE_STANDARD = gnu99;
				GCC_DYNAMIC_NO_PIC = NO;
				GCC_OPTIMIZATION_LEVEL = 0;
				GCC_PREPROCESSOR_DEFINITIONS = DEBUG;
				GCC_SYMBOLS_PRIVATE_EXTERN = NO;
				GCC_WARN_64_TO_32_BIT_CONVERSION = YES;
				GCC_WARN_ABOUT_RETURN_TYPE = YES_ERROR;
				GCC_WARN_UNDECLARED_SELECTOR = YES;
				GCC_WARN_UNINITIALIZED_AUTOS = YES;
				GCC_WARN_UNUSED_FUNCTION = YES;
				GCC_WARN_UNUSED_VARIABLE = YES;
				IPHONEOS_DEPLOYMENT_TARGET = 7.0;
				ONLY_ACTIVE_ARCH = YES;
				SDKROOT = iphoneos;
			};
			name = Debug;
		};
		272FBB2B1786611E002EAF62 /* Release */ = {
			isa = XCBuildConfiguration;
			buildSettings = {
				ALWAYS_SEARCH_USER_PATHS = NO;
				CLANG_ENABLE_MODULES = YES;
				CLANG_ENABLE_OBJC_ARC = YES;
				CLANG_WARN_BOOL_CONVERSION = YES;
				CLANG_WARN_CONSTANT_CONVERSION = YES;
				CLANG_WARN_DIRECT_OBJC_ISA_USAGE = YES_ERROR;
				CLANG_WARN_EMPTY_BODY = YES;
				CLANG_WARN_ENUM_CONVERSION = YES;
				CLANG_WARN_INT_CONVERSION = YES;
				CLANG_WARN_OBJC_ROOT_CLASS = YES_ERROR;
				CLANG_WARN__DUPLICATE_METHOD_MATCH = YES;
				COPY_PHASE_STRIP = YES;
				ENABLE_NS_ASSERTIONS = NO;
				GCC_C_LANGUAGE_STANDARD = gnu99;
				GCC_WARN_64_TO_32_BIT_CONVERSION = YES;
				GCC_WARN_ABOUT_RETURN_TYPE = YES_ERROR;
				GCC_WARN_UNDECLARED_SELECTOR = YES;
				GCC_WARN_UNINITIALIZED_AUTOS = YES;
				GCC_WARN_UNUSED_FUNCTION = YES;
				GCC_WARN_UNUSED_VARIABLE = YES;
				IPHONEOS_DEPLOYMENT_TARGET = 7.0;
				SDKROOT = iphoneos;
				VALIDATE_PRODUCT = YES;
			};
			name = Release;
		};
		272FBB2D1786611E002EAF62 /* Debug */ = {
			isa = XCBuildConfiguration;
			buildSettings = {
				DSTROOT = /tmp/Silicon_Static_Library.dst;
				GCC_PRECOMPILE_PREFIX_HEADER = YES;
				GCC_PREFIX_HEADER = "Silicon Static Library/Supporting Files/Prefix.pch";
				OTHER_LDFLAGS = "-ObjC";
				PRODUCT_NAME = "$(TARGET_NAME)";
				SKIP_INSTALL = YES;
			};
			name = Debug;
		};
		272FBB2E1786611E002EAF62 /* Release */ = {
			isa = XCBuildConfiguration;
			buildSettings = {
				DSTROOT = /tmp/Silicon_Static_Library.dst;
				GCC_PRECOMPILE_PREFIX_HEADER = YES;
				GCC_PREFIX_HEADER = "Silicon Static Library/Supporting Files/Prefix.pch";
				OTHER_LDFLAGS = "-ObjC";
				PRODUCT_NAME = "$(TARGET_NAME)";
				SKIP_INSTALL = YES;
			};
			name = Release;
		};
/* End XCBuildConfiguration section */

/* Begin XCConfigurationList section */
		272FBB191786611E002EAF62 /* Build configuration list for PBXProject "Silicon Static Library" */ = {
			isa = XCConfigurationList;
			buildConfigurations = (
				272FBB2A1786611E002EAF62 /* Debug */,
				272FBB2B1786611E002EAF62 /* Release */,
			);
			defaultConfigurationIsVisible = 0;
			defaultConfigurationName = Release;
		};
		272FBB2C1786611E002EAF62 /* Build configuration list for PBXNativeTarget "Silicon" */ = {
			isa = XCConfigurationList;
			buildConfigurations = (
				272FBB2D1786611E002EAF62 /* Debug */,
				272FBB2E1786611E002EAF62 /* Release */,
			);
			defaultConfigurationIsVisible = 0;
			defaultConfigurationName = Release;
		};
/* End XCConfigurationList section */
	};
	rootObject = 272FBB161786611E002EAF62 /* Project object */;
}
