// !$*UTF8*$!
{
	archiveVersion = 1;
	classes = {
	};
	objectVersion = 46;
	objects = {

/* Begin PBXBuildFile section */
		2794FC141789F9060015146A /* main.m in Sources */ = {isa = PBXBuildFile; fileRef = 2794FC131789F9060015146A /* main.m */; };
		2794FC8A178A27120015146A /* libsqlite3.dylib in Frameworks */ = {isa = PBXBuildFile; fileRef = 2794FC89178A27120015146A /* libsqlite3.dylib */; };
		279E7FC019E5133100A12BE2 /* AppDelegate.m in Sources */ = {isa = PBXBuildFile; fileRef = 279E7FB819E5133100A12BE2 /* AppDelegate.m */; };
		279E7FC119E5133100A12BE2 /* FDRootViewController.m in Sources */ = {isa = PBXBuildFile; fileRef = 279E7FBB19E5133100A12BE2 /* FDRootViewController.m */; };
		279E7FC219E5133100A12BE2 /* InfoPlist.strings in Resources */ = {isa = PBXBuildFile; fileRef = 279E7FBD19E5133100A12BE2 /* InfoPlist.strings */; };
		279E7FC319E5133100A12BE2 /* iTunesArtwork in Resources */ = {isa = PBXBuildFile; fileRef = 279E7FBE19E5133100A12BE2 /* iTunesArtwork */; };
		279E7FC419E5133100A12BE2 /* iTunesArtwork@2x in Resources */ = {isa = PBXBuildFile; fileRef = 279E7FBF19E5133100A12BE2 /* iTunesArtwork@2x */; };
		279E7FC619E5134300A12BE2 /* Images.xcassets in Resources */ = {isa = PBXBuildFile; fileRef = 279E7FC519E5134300A12BE2 /* Images.xcassets */; };
		27EE96731BA4E2F500670640 /* LaunchScreen.storyboard in Resources */ = {isa = PBXBuildFile; fileRef = 27EE96721BA4E2F500670640 /* LaunchScreen.storyboard */; settings = {ASSET_TAGS = (); }; };
/* End PBXBuildFile section */

/* Begin PBXContainerItemProxy section */
		277814E419E62E04005C3CB3 /* PBXContainerItemProxy */ = {
			isa = PBXContainerItemProxy;
			containerPortal = 279E7FD019E62C4900A12BE2 /* Silicon.xcodeproj */;
			proxyType = 2;
			remoteGlobalIDString = 2775317E19E4F77300AFAB61;
			remoteInfo = "Silicon iOS";
		};
/* End PBXContainerItemProxy section */

/* Begin PBXFileReference section */
		2794FC041789F9060015146A /* Silicon iOS Example.app */ = {isa = PBXFileReference; explicitFileType = wrapper.application; includeInIndex = 0; path = "Silicon iOS Example.app"; sourceTree = BUILT_PRODUCTS_DIR; };
		2794FC111789F9060015146A /* Info.plist */ = {isa = PBXFileReference; lastKnownFileType = text.plist.xml; path = Info.plist; sourceTree = "<group>"; };
		2794FC121789F9060015146A /* Prefix.pch */ = {isa = PBXFileReference; lastKnownFileType = sourcecode.c.h; path = Prefix.pch; sourceTree = "<group>"; };
		2794FC131789F9060015146A /* main.m */ = {isa = PBXFileReference; lastKnownFileType = sourcecode.c.objc; path = main.m; sourceTree = "<group>"; };
		2794FC151789F9060015146A /* Entitlements.entitlements */ = {isa = PBXFileReference; lastKnownFileType = text.xml; path = Entitlements.entitlements; sourceTree = "<group>"; };
		2794FC89178A27120015146A /* libsqlite3.dylib */ = {isa = PBXFileReference; lastKnownFileType = "compiled.mach-o.dylib"; name = libsqlite3.dylib; path = usr/lib/libsqlite3.dylib; sourceTree = SDKROOT; };
		279E7FB719E5133100A12BE2 /* AppDelegate.h */ = {isa = PBXFileReference; fileEncoding = 4; lastKnownFileType = sourcecode.c.h; path = AppDelegate.h; sourceTree = "<group>"; };
		279E7FB819E5133100A12BE2 /* AppDelegate.m */ = {isa = PBXFileReference; fileEncoding = 4; lastKnownFileType = sourcecode.c.objc; path = AppDelegate.m; sourceTree = "<group>"; };
		279E7FBA19E5133100A12BE2 /* FDRootViewController.h */ = {isa = PBXFileReference; fileEncoding = 4; lastKnownFileType = sourcecode.c.h; path = FDRootViewController.h; sourceTree = "<group>"; };
		279E7FBB19E5133100A12BE2 /* FDRootViewController.m */ = {isa = PBXFileReference; fileEncoding = 4; lastKnownFileType = sourcecode.c.objc; path = FDRootViewController.m; sourceTree = "<group>"; };
		279E7FBD19E5133100A12BE2 /* InfoPlist.strings */ = {isa = PBXFileReference; fileEncoding = 4; lastKnownFileType = text.plist.strings; path = InfoPlist.strings; sourceTree = "<group>"; };
		279E7FBE19E5133100A12BE2 /* iTunesArtwork */ = {isa = PBXFileReference; lastKnownFileType = file; path = iTunesArtwork; sourceTree = "<group>"; };
		279E7FBF19E5133100A12BE2 /* iTunesArtwork@2x */ = {isa = PBXFileReference; lastKnownFileType = file; path = "iTunesArtwork@2x"; sourceTree = "<group>"; };
		279E7FC519E5134300A12BE2 /* Images.xcassets */ = {isa = PBXFileReference; lastKnownFileType = folder.assetcatalog; path = Images.xcassets; sourceTree = "<group>"; };
		279E7FD019E62C4900A12BE2 /* Silicon.xcodeproj */ = {isa = PBXFileReference; lastKnownFileType = "wrapper.pb-project"; name = Silicon.xcodeproj; path = "../../Framework Project/Silicon.xcodeproj"; sourceTree = "<group>"; };
		27EE96721BA4E2F500670640 /* LaunchScreen.storyboard */ = {isa = PBXFileReference; fileEncoding = 4; lastKnownFileType = file.storyboard; path = LaunchScreen.storyboard; sourceTree = "<group>"; };
/* End PBXFileReference section */

/* Begin PBXFrameworksBuildPhase section */
		2794FC011789F9060015146A /* Frameworks */ = {
			isa = PBXFrameworksBuildPhase;
			buildActionMask = 2147483647;
			files = (
				2794FC8A178A27120015146A /* libsqlite3.dylib in Frameworks */,
			);
			runOnlyForDeploymentPostprocessing = 0;
		};
/* End PBXFrameworksBuildPhase section */

/* Begin PBXGroup section */
		277814E119E62E04005C3CB3 /* Products */ = {
			isa = PBXGroup;
			children = (
				277814E519E62E04005C3CB3 /* Silicon.framework */,
			);
			name = Products;
			sourceTree = "<group>";
		};
		2794FBFB1789F9060015146A = {
			isa = PBXGroup;
			children = (
				2794FC0F1789F9060015146A /* Silicon iOS Example */,
				2794FC161789F9060015146A /* Vendors */,
				2794FC061789F9060015146A /* Frameworks */,
				2794FC051789F9060015146A /* Products */,
			);
			sourceTree = "<group>";
		};
		2794FC051789F9060015146A /* Products */ = {
			isa = PBXGroup;
			children = (
				2794FC041789F9060015146A /* Silicon iOS Example.app */,
			);
			name = Products;
			sourceTree = "<group>";
		};
		2794FC061789F9060015146A /* Frameworks */ = {
			isa = PBXGroup;
			children = (
				2794FC89178A27120015146A /* libsqlite3.dylib */,
			);
			name = Frameworks;
			sourceTree = "<group>";
		};
		2794FC0F1789F9060015146A /* Silicon iOS Example */ = {
			isa = PBXGroup;
			children = (
				279E7FB619E5133100A12BE2 /* Classes */,
				279E7FBC19E5133100A12BE2 /* Resources */,
				2794FC101789F9060015146A /* Supporting Files */,
			);
			path = "Silicon iOS Example";
			sourceTree = "<group>";
		};
		2794FC101789F9060015146A /* Supporting Files */ = {
			isa = PBXGroup;
			children = (
				2794FC111789F9060015146A /* Info.plist */,
				2794FC121789F9060015146A /* Prefix.pch */,
				2794FC131789F9060015146A /* main.m */,
				2794FC151789F9060015146A /* Entitlements.entitlements */,
			);
			path = "Supporting Files";
			sourceTree = "<group>";
		};
		2794FC161789F9060015146A /* Vendors */ = {
			isa = PBXGroup;
			children = (
				279E7FD019E62C4900A12BE2 /* Silicon.xcodeproj */,
			);
			name = Vendors;
			path = "Silicon iOS Example";
			sourceTree = "<group>";
		};
		279E7FB619E5133100A12BE2 /* Classes */ = {
			isa = PBXGroup;
			children = (
				279E7FB919E5133100A12BE2 /* Controllers */,
				279E7FB719E5133100A12BE2 /* AppDelegate.h */,
				279E7FB819E5133100A12BE2 /* AppDelegate.m */,
			);
			path = Classes;
			sourceTree = "<group>";
		};
		279E7FB919E5133100A12BE2 /* Controllers */ = {
			isa = PBXGroup;
			children = (
				279E7FBA19E5133100A12BE2 /* FDRootViewController.h */,
				279E7FBB19E5133100A12BE2 /* FDRootViewController.m */,
			);
			path = Controllers;
			sourceTree = "<group>";
		};
		279E7FBC19E5133100A12BE2 /* Resources */ = {
			isa = PBXGroup;
			children = (
				279E7FC519E5134300A12BE2 /* Images.xcassets */,
				279E7FBD19E5133100A12BE2 /* InfoPlist.strings */,
				279E7FBE19E5133100A12BE2 /* iTunesArtwork */,
				279E7FBF19E5133100A12BE2 /* iTunesArtwork@2x */,
				27EE96721BA4E2F500670640 /* LaunchScreen.storyboard */,
			);
			path = Resources;
			sourceTree = "<group>";
		};
/* End PBXGroup section */

/* Begin PBXNativeTarget section */
		2794FC031789F9060015146A /* Silicon iOS Example */ = {
			isa = PBXNativeTarget;
			buildConfigurationList = 2794FC671789F9060015146A /* Build configuration list for PBXNativeTarget "Silicon iOS Example" */;
			buildPhases = (
				2794FC001789F9060015146A /* Sources */,
				2794FC011789F9060015146A /* Frameworks */,
				2794FC021789F9060015146A /* Resources */,
			);
			buildRules = (
			);
			dependencies = (
			);
			name = "Silicon iOS Example";
			productName = "Silicon iOS Example";
			productReference = 2794FC041789F9060015146A /* Silicon iOS Example.app */;
			productType = "com.apple.product-type.application";
		};
/* End PBXNativeTarget section */

/* Begin PBXProject section */
		2794FBFC1789F9060015146A /* Project object */ = {
			isa = PBXProject;
			attributes = {
				CLASSPREFIX = FD;
				LastUpgradeCheck = 0510;
			};
			buildConfigurationList = 2794FBFF1789F9060015146A /* Build configuration list for PBXProject "Silicon iOS Example" */;
			compatibilityVersion = "Xcode 3.2";
			developmentRegion = English;
			hasScannedForEncodings = 0;
			knownRegions = (
				en,
			);
			mainGroup = 2794FBFB1789F9060015146A;
			productRefGroup = 2794FC051789F9060015146A /* Products */;
			projectDirPath = "";
			projectReferences = (
				{
					ProductGroup = 277814E119E62E04005C3CB3 /* Products */;
					ProjectRef = 279E7FD019E62C4900A12BE2 /* Silicon.xcodeproj */;
				},
			);
			projectRoot = "";
			targets = (
				2794FC031789F9060015146A /* Silicon iOS Example */,
			);
		};
/* End PBXProject section */

/* Begin PBXReferenceProxy section */
		277814E519E62E04005C3CB3 /* Silicon.framework */ = {
			isa = PBXReferenceProxy;
			fileType = wrapper.framework;
			path = Silicon.framework;
			remoteRef = 277814E419E62E04005C3CB3 /* PBXContainerItemProxy */;
			sourceTree = BUILT_PRODUCTS_DIR;
		};
/* End PBXReferenceProxy section */

/* Begin PBXResourcesBuildPhase section */
		2794FC021789F9060015146A /* Resources */ = {
			isa = PBXResourcesBuildPhase;
			buildActionMask = 2147483647;
			files = (
				279E7FC419E5133100A12BE2 /* iTunesArtwork@2x in Resources */,
				279E7FC619E5134300A12BE2 /* Images.xcassets in Resources */,
				279E7FC219E5133100A12BE2 /* InfoPlist.strings in Resources */,
				27EE96731BA4E2F500670640 /* LaunchScreen.storyboard in Resources */,
				279E7FC319E5133100A12BE2 /* iTunesArtwork in Resources */,
			);
			runOnlyForDeploymentPostprocessing = 0;
		};
/* End PBXResourcesBuildPhase section */

/* Begin PBXSourcesBuildPhase section */
		2794FC001789F9060015146A /* Sources */ = {
			isa = PBXSourcesBuildPhase;
			buildActionMask = 2147483647;
			files = (
				279E7FC019E5133100A12BE2 /* AppDelegate.m in Sources */,
				279E7FC119E5133100A12BE2 /* FDRootViewController.m in Sources */,
				2794FC141789F9060015146A /* main.m in Sources */,
			);
			runOnlyForDeploymentPostprocessing = 0;
		};
/* End PBXSourcesBuildPhase section */

/* Begin XCBuildConfiguration section */
		2794FC641789F9060015146A /* Debug */ = {
			isa = XCBuildConfiguration;
			buildSettings = {
				ALWAYS_SEARCH_USER_PATHS = NO;
				CLANG_CXX_LANGUAGE_STANDARD = "gnu++0x";
				CLANG_CXX_LIBRARY = "libc++";
				CLANG_ENABLE_MODULES = YES;
				CLANG_ENABLE_OBJC_ARC = YES;
				CLANG_WARN_BOOL_CONVERSION = YES;
				CLANG_WARN_CONSTANT_CONVERSION = YES;
				CLANG_WARN_DIRECT_OBJC_ISA_USAGE = YES_ERROR;
				CLANG_WARN_EMPTY_BODY = YES;
				CLANG_WARN_ENUM_CONVERSION = YES;
				CLANG_WARN_INT_CONVERSION = YES;
				CLANG_WARN_OBJC_ROOT_CLASS = YES_ERROR;
				CLANG_WARN__DUPLICATE_METHOD_MATCH = YES;
				CODE_SIGN_ENTITLEMENTS = "Silicon iOS Example/Supporting Files/Entitlements.entitlements";
				"CODE_SIGN_IDENTITY[sdk=iphoneos*]" = "iPhone Developer";
				COPY_PHASE_STRIP = NO;
				GCC_C_LANGUAGE_STANDARD = gnu99;
				GCC_DYNAMIC_NO_PIC = NO;
				GCC_OPTIMIZATION_LEVEL = 0;
				GCC_PREPROCESSOR_DEFINITIONS = DEBUG;
				GCC_SYMBOLS_PRIVATE_EXTERN = NO;
				GCC_WARN_64_TO_32_BIT_CONVERSION = YES;
				GCC_WARN_ABOUT_MISSING_PROTOTYPES = YES;
				GCC_WARN_ABOUT_RETURN_TYPE = YES_ERROR;
				GCC_WARN_UNDECLARED_SELECTOR = YES;
				GCC_WARN_UNINITIALIZED_AUTOS = YES;
				GCC_WARN_UNUSED_FUNCTION = YES;
				GCC_WARN_UNUSED_VARIABLE = YES;
				IPHONEOS_DEPLOYMENT_TARGET = 8.0;
				ONLY_ACTIVE_ARCH = YES;
				OTHER_LDFLAGS = "-ObjC";
				SDKROOT = iphoneos;
				TARGETED_DEVICE_FAMILY = "1,2";
			};
			name = Debug;
		};
		2794FC651789F9060015146A /* Ad Hoc */ = {
			isa = XCBuildConfiguration;
			buildSettings = {
				ALWAYS_SEARCH_USER_PATHS = NO;
				CLANG_CXX_LANGUAGE_STANDARD = "gnu++0x";
				CLANG_CXX_LIBRARY = "libc++";
				CLANG_ENABLE_MODULES = YES;
				CLANG_ENABLE_OBJC_ARC = YES;
				CLANG_WARN_BOOL_CONVERSION = YES;
				CLANG_WARN_CONSTANT_CONVERSION = YES;
				CLANG_WARN_DIRECT_OBJC_ISA_USAGE = YES_ERROR;
				CLANG_WARN_EMPTY_BODY = YES;
				CLANG_WARN_ENUM_CONVERSION = YES;
				CLANG_WARN_INT_CONVERSION = YES;
				CLANG_WARN_OBJC_ROOT_CLASS = YES_ERROR;
				CLANG_WARN__DUPLICATE_METHOD_MATCH = YES;
				CODE_SIGN_ENTITLEMENTS = "Silicon iOS Example/Supporting Files/Entitlements.entitlements";
				"CODE_SIGN_IDENTITY[sdk=iphoneos*]" = "iPhone Distribution";
				COPY_PHASE_STRIP = NO;
				GCC_C_LANGUAGE_STANDARD = gnu99;
				GCC_PREPROCESSOR_DEFINITIONS = AD_HOC;
				GCC_WARN_64_TO_32_BIT_CONVERSION = YES;
				GCC_WARN_ABOUT_MISSING_PROTOTYPES = YES;
				GCC_WARN_ABOUT_RETURN_TYPE = YES_ERROR;
				GCC_WARN_UNDECLARED_SELECTOR = YES;
				GCC_WARN_UNINITIALIZED_AUTOS = YES;
				GCC_WARN_UNUSED_FUNCTION = YES;
				GCC_WARN_UNUSED_VARIABLE = YES;
				IPHONEOS_DEPLOYMENT_TARGET = 8.0;
				OTHER_LDFLAGS = "-ObjC";
				SDKROOT = iphoneos;
				TARGETED_DEVICE_FAMILY = "1,2";
				VALIDATE_PRODUCT = YES;
			};
			name = "Ad Hoc";
		};
		2794FC661789F9060015146A /* App Store */ = {
			isa = XCBuildConfiguration;
			buildSettings = {
				ALWAYS_SEARCH_USER_PATHS = NO;
				CLANG_CXX_LANGUAGE_STANDARD = "gnu++0x";
				CLANG_CXX_LIBRARY = "libc++";
				CLANG_ENABLE_MODULES = YES;
				CLANG_ENABLE_OBJC_ARC = YES;
				CLANG_WARN_BOOL_CONVERSION = YES;
				CLANG_WARN_CONSTANT_CONVERSION = YES;
				CLANG_WARN_DIRECT_OBJC_ISA_USAGE = YES_ERROR;
				CLANG_WARN_EMPTY_BODY = YES;
				CLANG_WARN_ENUM_CONVERSION = YES;
				CLANG_WARN_INT_CONVERSION = YES;
				CLANG_WARN_OBJC_ROOT_CLASS = YES_ERROR;
				CLANG_WARN__DUPLICATE_METHOD_MATCH = YES;
				CODE_SIGN_ENTITLEMENTS = "Silicon iOS Example/Supporting Files/Entitlements.entitlements";
				"CODE_SIGN_IDENTITY[sdk=iphoneos*]" = "iPhone Distribution";
				COPY_PHASE_STRIP = YES;
				ENABLE_NS_ASSERTIONS = NO;
				GCC_C_LANGUAGE_STANDARD = gnu99;
				GCC_PREPROCESSOR_DEFINITIONS = APP_STORE;
				GCC_WARN_64_TO_32_BIT_CONVERSION = YES;
				GCC_WARN_ABOUT_MISSING_PROTOTYPES = YES;
				GCC_WARN_ABOUT_RETURN_TYPE = YES_ERROR;
				GCC_WARN_UNDECLARED_SELECTOR = YES;
				GCC_WARN_UNINITIALIZED_AUTOS = YES;
				GCC_WARN_UNUSED_FUNCTION = YES;
				GCC_WARN_UNUSED_VARIABLE = YES;
				IPHONEOS_DEPLOYMENT_TARGET = 8.0;
				OTHER_LDFLAGS = "-ObjC";
				SDKROOT = iphoneos;
				TARGETED_DEVICE_FAMILY = "1,2";
				VALIDATE_PRODUCT = YES;
			};
			name = "App Store";
		};
		2794FC681789F9060015146A /* Debug */ = {
			isa = XCBuildConfiguration;
			buildSettings = {
				ASSETCATALOG_COMPILER_APPICON_NAME = AppIcon;
				GCC_PRECOMPILE_PREFIX_HEADER = YES;
				GCC_PREFIX_HEADER = "Silicon iOS Example/Supporting Files/Prefix.pch";
				INFOPLIST_FILE = "Silicon iOS Example/Supporting Files/Info.plist";
				PRODUCT_NAME = "$(TARGET_NAME)";
				WRAPPER_EXTENSION = app;
			};
			name = Debug;
		};
		2794FC691789F9060015146A /* Ad Hoc */ = {
			isa = XCBuildConfiguration;
			buildSettings = {
				ASSETCATALOG_COMPILER_APPICON_NAME = AppIcon;
				GCC_PRECOMPILE_PREFIX_HEADER = YES;
				GCC_PREFIX_HEADER = "Silicon iOS Example/Supporting Files/Prefix.pch";
				INFOPLIST_FILE = "Silicon iOS Example/Supporting Files/Info.plist";
				PRODUCT_NAME = "$(TARGET_NAME)";
				WRAPPER_EXTENSION = app;
			};
			name = "Ad Hoc";
		};
		2794FC6A1789F9060015146A /* App Store */ = {
			isa = XCBuildConfiguration;
			buildSettings = {
				ASSETCATALOG_COMPILER_APPICON_NAME = AppIcon;
				GCC_PRECOMPILE_PREFIX_HEADER = YES;
				GCC_PREFIX_HEADER = "Silicon iOS Example/Supporting Files/Prefix.pch";
				INFOPLIST_FILE = "Silicon iOS Example/Supporting Files/Info.plist";
				PRODUCT_NAME = "$(TARGET_NAME)";
				WRAPPER_EXTENSION = app;
			};
			name = "App Store";
		};
/* End XCBuildConfiguration section */

/* Begin XCConfigurationList section */
		2794FBFF1789F9060015146A /* Build configuration list for PBXProject "Silicon iOS Example" */ = {
			isa = XCConfigurationList;
			buildConfigurations = (
				2794FC641789F9060015146A /* Debug */,
				2794FC651789F9060015146A /* Ad Hoc */,
				2794FC661789F9060015146A /* App Store */,
			);
			defaultConfigurationIsVisible = 0;
			defaultConfigurationName = Debug;
		};
		2794FC671789F9060015146A /* Build configuration list for PBXNativeTarget "Silicon iOS Example" */ = {
			isa = XCConfigurationList;
			buildConfigurations = (
				2794FC681789F9060015146A /* Debug */,
				2794FC691789F9060015146A /* Ad Hoc */,
				2794FC6A1789F9060015146A /* App Store */,
			);
			defaultConfigurationIsVisible = 0;
			defaultConfigurationName = Debug;
		};
/* End XCConfigurationList section */
	};
	rootObject = 2794FBFC1789F9060015146A /* Project object */;
}
